{
  "object": {
    "pins": [
      {
        "package": "Defaults",
        "repositoryURL": "https://github.com/sindresorhus/Defaults",
        "state": {
          "branch": null,
          "revision": "229dea452fee8d2205f56a12e5c21dfec00948f2",
          "version": "4.2.2"
        }
      },
      {
        "package": "MIDIKit",
        "repositoryURL": "git@github.com:davbeck/MIDIKit.git",
        "state": {
          "branch": "main",
          "revision": "8488377fb7a0031b643b509e248fd1ad2bdcc45a",
          "version": null
        }
      },
      {
        "package": "PersistentCacheKit",
        "repositoryURL": "https://github.com/davbeck/PersistentCacheKit.git",
        "state": {
          "branch": null,
          "revision": "5cd6979a225a76c04a2f0813bdedcea323ff3e29",
          "version": "0.4.2"
        }
      },
      {
        "package": "SFSafeSymbols",
        "repositoryURL": "https://github.com/piknotech/SFSafeSymbols.git",
        "state": {
          "branch": null,
          "revision": "c61de7a6e9eb1520d32316b06d5932accd974e70",
          "version": "2.1.3"
        }
      },
      {
        "package": "swift-algorithms",
        "repositoryURL": "https://github.com/apple/swift-algorithms.git",
        "state": {
          "branch": null,
          "revision": "2327673b0e9c7e90e6b1826376526ec3627210e4",
          "version": "0.2.1"
        }
      },
      {
        "package": "swift-numerics",
        "repositoryURL": "https://github.com/apple/swift-numerics",
        "state": {
          "branch": null,
          "revision": "6583ac70c326c3ee080c1d42d9ca3361dca816cd",
          "version": "0.1.0"
        }
      }
    ]
  },
  "version": 1
}
