// !$*UTF8*$!
{
	archiveVersion = 1;
	classes = {
	};
	objectVersion = 52;
	objects = {

/* Begin PBXBuildFile section */
		7A6D840E2568A1FC00731653 /* VISCAFocusMode.swift in Sources */ = {isa = PBXBuildFile; fileRef = 7A6D840D2568A1FC00731653 /* VISCAFocusMode.swift */; };
		7A6D840F2568A1FC00731653 /* VISCAFocusMode.swift in Sources */ = {isa = PBXBuildFile; fileRef = 7A6D840D2568A1FC00731653 /* VISCAFocusMode.swift */; };
		7A7B5EFD2574975400E6EF0C /* EditPresetButton.swift in Sources */ = {isa = PBXBuildFile; fileRef = 7A7B5EFC2574975400E6EF0C /* EditPresetButton.swift */; };
		7A7B5EFE2574975400E6EF0C /* EditPresetButton.swift in Sources */ = {isa = PBXBuildFile; fileRef = 7A7B5EFC2574975400E6EF0C /* EditPresetButton.swift */; };
		7A7F64562560305B008B33C6 /* Tests_iOS.swift in Sources */ = {isa = PBXBuildFile; fileRef = 7A7F64552560305B008B33C6 /* Tests_iOS.swift */; };
		7A7F64612560305B008B33C6 /* Tests_macOS.swift in Sources */ = {isa = PBXBuildFile; fileRef = 7A7F64602560305B008B33C6 /* Tests_macOS.swift */; };
		7A7F64632560305B008B33C6 /* CameraDashboardApp.swift in Sources */ = {isa = PBXBuildFile; fileRef = 7A7F643A2560305A008B33C6 /* CameraDashboardApp.swift */; };
		7A7F64642560305B008B33C6 /* CameraDashboardApp.swift in Sources */ = {isa = PBXBuildFile; fileRef = 7A7F643A2560305A008B33C6 /* CameraDashboardApp.swift */; };
		7A7F64652560305B008B33C6 /* ContentView.swift in Sources */ = {isa = PBXBuildFile; fileRef = 7A7F643B2560305A008B33C6 /* ContentView.swift */; };
		7A7F64662560305B008B33C6 /* ContentView.swift in Sources */ = {isa = PBXBuildFile; fileRef = 7A7F643B2560305A008B33C6 /* ContentView.swift */; };
		7A7F64672560305B008B33C6 /* Assets.xcassets in Resources */ = {isa = PBXBuildFile; fileRef = 7A7F643C2560305B008B33C6 /* Assets.xcassets */; };
		7A7F64682560305B008B33C6 /* Assets.xcassets in Resources */ = {isa = PBXBuildFile; fileRef = 7A7F643C2560305B008B33C6 /* Assets.xcassets */; };
		7A7F647F25603092008B33C6 /* PresetConfig.swift in Sources */ = {isa = PBXBuildFile; fileRef = 7A7F647C25603092008B33C6 /* PresetConfig.swift */; };
		7A7F648025603092008B33C6 /* PresetConfig.swift in Sources */ = {isa = PBXBuildFile; fileRef = 7A7F647C25603092008B33C6 /* PresetConfig.swift */; };
		7A7F648125603092008B33C6 /* CameraManager.swift in Sources */ = {isa = PBXBuildFile; fileRef = 7A7F647D25603092008B33C6 /* CameraManager.swift */; };
		7A7F648225603092008B33C6 /* CameraManager.swift in Sources */ = {isa = PBXBuildFile; fileRef = 7A7F647D25603092008B33C6 /* CameraManager.swift */; };
		7A7F648325603092008B33C6 /* Camera.swift in Sources */ = {isa = PBXBuildFile; fileRef = 7A7F647E25603092008B33C6 /* Camera.swift */; };
		7A7F648425603092008B33C6 /* Camera.swift in Sources */ = {isa = PBXBuildFile; fileRef = 7A7F647E25603092008B33C6 /* Camera.swift */; };
		7A7F648E256030C3008B33C6 /* VISCAClient.swift in Sources */ = {isa = PBXBuildFile; fileRef = 7A7F648B256030C3008B33C6 /* VISCAClient.swift */; };
		7A7F648F256030C3008B33C6 /* VISCAClient.swift in Sources */ = {isa = PBXBuildFile; fileRef = 7A7F648B256030C3008B33C6 /* VISCAClient.swift */; };
		7A7F6490256030C3008B33C6 /* PTZDirection.swift in Sources */ = {isa = PBXBuildFile; fileRef = 7A7F648C256030C3008B33C6 /* PTZDirection.swift */; };
		7A7F6491256030C3008B33C6 /* PTZDirection.swift in Sources */ = {isa = PBXBuildFile; fileRef = 7A7F648C256030C3008B33C6 /* PTZDirection.swift */; };
		7A7F6492256030C3008B33C6 /* VISCAPreset.swift in Sources */ = {isa = PBXBuildFile; fileRef = 7A7F648D256030C3008B33C6 /* VISCAPreset.swift */; };
		7A7F6493256030C3008B33C6 /* VISCAPreset.swift in Sources */ = {isa = PBXBuildFile; fileRef = 7A7F648D256030C3008B33C6 /* VISCAPreset.swift */; };
		7A7F649B256030F1008B33C6 /* Formatters.swift in Sources */ = {isa = PBXBuildFile; fileRef = 7A7F649A256030F1008B33C6 /* Formatters.swift */; };
		7A7F649C256030F1008B33C6 /* Formatters.swift in Sources */ = {isa = PBXBuildFile; fileRef = 7A7F649A256030F1008B33C6 /* Formatters.swift */; };
		7A7F64A2256030F9008B33C6 /* IntegerFormatting.swift in Sources */ = {isa = PBXBuildFile; fileRef = 7A7F64A1256030F9008B33C6 /* IntegerFormatting.swift */; };
		7A7F64A3256030F9008B33C6 /* IntegerFormatting.swift in Sources */ = {isa = PBXBuildFile; fileRef = 7A7F64A1256030F9008B33C6 /* IntegerFormatting.swift */; };
		7A7F64A925603101008B33C6 /* Angle+Additions.swift in Sources */ = {isa = PBXBuildFile; fileRef = 7A7F64A825603101008B33C6 /* Angle+Additions.swift */; };
		7A7F64AA25603101008B33C6 /* Angle+Additions.swift in Sources */ = {isa = PBXBuildFile; fileRef = 7A7F64A825603101008B33C6 /* Angle+Additions.swift */; };
		7A7F64B025603119008B33C6 /* ReplaySubject.swift in Sources */ = {isa = PBXBuildFile; fileRef = 7A7F64AF25603119008B33C6 /* ReplaySubject.swift */; };
		7A7F64B125603119008B33C6 /* ReplaySubject.swift in Sources */ = {isa = PBXBuildFile; fileRef = 7A7F64AF25603119008B33C6 /* ReplaySubject.swift */; };
		7A7F64B72560311E008B33C6 /* Uncancellable.swift in Sources */ = {isa = PBXBuildFile; fileRef = 7A7F64B62560311E008B33C6 /* Uncancellable.swift */; };
		7A7F64B82560311E008B33C6 /* Uncancellable.swift in Sources */ = {isa = PBXBuildFile; fileRef = 7A7F64B62560311E008B33C6 /* Uncancellable.swift */; };
		7A7F64C225603134008B33C6 /* Column.swift in Sources */ = {isa = PBXBuildFile; fileRef = 7A7F64BE25603134008B33C6 /* Column.swift */; };
		7A7F64C325603134008B33C6 /* Column.swift in Sources */ = {isa = PBXBuildFile; fileRef = 7A7F64BE25603134008B33C6 /* Column.swift */; };
		7A7F64C625603134008B33C6 /* ErrorAlert.swift in Sources */ = {isa = PBXBuildFile; fileRef = 7A7F64C025603134008B33C6 /* ErrorAlert.swift */; };
		7A7F64C725603134008B33C6 /* ErrorAlert.swift in Sources */ = {isa = PBXBuildFile; fileRef = 7A7F64C025603134008B33C6 /* ErrorAlert.swift */; };
		7A7F64C825603134008B33C6 /* acceptsFirstMouse.swift in Sources */ = {isa = PBXBuildFile; fileRef = 7A7F64C125603134008B33C6 /* acceptsFirstMouse.swift */; };
		7A7F64C925603134008B33C6 /* acceptsFirstMouse.swift in Sources */ = {isa = PBXBuildFile; fileRef = 7A7F64C125603134008B33C6 /* acceptsFirstMouse.swift */; };
		7A7F64D725603142008B33C6 /* SwitcherButton.swift in Sources */ = {isa = PBXBuildFile; fileRef = 7A7F64D625603142008B33C6 /* SwitcherButton.swift */; };
		7A7F64D825603142008B33C6 /* SwitcherButton.swift in Sources */ = {isa = PBXBuildFile; fileRef = 7A7F64D625603142008B33C6 /* SwitcherButton.swift */; };
		7A7F64E42560314D008B33C6 /* PresetColorControl.swift in Sources */ = {isa = PBXBuildFile; fileRef = 7A7F64DE2560314D008B33C6 /* PresetColorControl.swift */; };
		7A7F64E52560314D008B33C6 /* PresetColorControl.swift in Sources */ = {isa = PBXBuildFile; fileRef = 7A7F64DE2560314D008B33C6 /* PresetColorControl.swift */; };
		7A7F64E62560314D008B33C6 /* PresetsView.swift in Sources */ = {isa = PBXBuildFile; fileRef = 7A7F64DF2560314D008B33C6 /* PresetsView.swift */; };
		7A7F64E72560314D008B33C6 /* PresetsView.swift in Sources */ = {isa = PBXBuildFile; fileRef = 7A7F64DF2560314D008B33C6 /* PresetsView.swift */; };
		7A7F64E82560314D008B33C6 /* PresetColorPicker.swift in Sources */ = {isa = PBXBuildFile; fileRef = 7A7F64E02560314D008B33C6 /* PresetColorPicker.swift */; };
		7A7F64E92560314D008B33C6 /* PresetColorPicker.swift in Sources */ = {isa = PBXBuildFile; fileRef = 7A7F64E02560314D008B33C6 /* PresetColorPicker.swift */; };
		7A7F64EA2560314D008B33C6 /* PresetEditView.swift in Sources */ = {isa = PBXBuildFile; fileRef = 7A7F64E12560314D008B33C6 /* PresetEditView.swift */; };
		7A7F64EB2560314D008B33C6 /* PresetEditView.swift in Sources */ = {isa = PBXBuildFile; fileRef = 7A7F64E12560314D008B33C6 /* PresetEditView.swift */; };
		7A7F64EC2560314D008B33C6 /* ConnectionPresetsRow.swift in Sources */ = {isa = PBXBuildFile; fileRef = 7A7F64E22560314D008B33C6 /* ConnectionPresetsRow.swift */; };
		7A7F64ED2560314E008B33C6 /* ConnectionPresetsRow.swift in Sources */ = {isa = PBXBuildFile; fileRef = 7A7F64E22560314D008B33C6 /* ConnectionPresetsRow.swift */; };
		7A7F64EE2560314E008B33C6 /* PresetView.swift in Sources */ = {isa = PBXBuildFile; fileRef = 7A7F64E32560314D008B33C6 /* PresetView.swift */; };
		7A7F64EF2560314E008B33C6 /* PresetView.swift in Sources */ = {isa = PBXBuildFile; fileRef = 7A7F64E32560314D008B33C6 /* PresetView.swift */; };
		7A7F64F525603158008B33C6 /* ErrorReporter.swift in Sources */ = {isa = PBXBuildFile; fileRef = 7A7F64F425603158008B33C6 /* ErrorReporter.swift */; };
		7A7F64F625603158008B33C6 /* ErrorReporter.swift in Sources */ = {isa = PBXBuildFile; fileRef = 7A7F64F425603158008B33C6 /* ErrorReporter.swift */; };
		7A7F650B2560315F008B33C6 /* CameraDetail.swift in Sources */ = {isa = PBXBuildFile; fileRef = 7A7F64FC2560315F008B33C6 /* CameraDetail.swift */; };
		7A7F650C2560315F008B33C6 /* CameraDetail.swift in Sources */ = {isa = PBXBuildFile; fileRef = 7A7F64FC2560315F008B33C6 /* CameraDetail.swift */; };
		7A7F650D2560315F008B33C6 /* CameraSettingsButton.swift in Sources */ = {isa = PBXBuildFile; fileRef = 7A7F64FE2560315F008B33C6 /* CameraSettingsButton.swift */; };
		7A7F650E2560315F008B33C6 /* CameraSettingsButton.swift in Sources */ = {isa = PBXBuildFile; fileRef = 7A7F64FE2560315F008B33C6 /* CameraSettingsButton.swift */; };
		7A7F650F2560315F008B33C6 /* CameraSettingsView.swift in Sources */ = {isa = PBXBuildFile; fileRef = 7A7F64FF2560315F008B33C6 /* CameraSettingsView.swift */; };
		7A7F65102560315F008B33C6 /* CameraSettingsView.swift in Sources */ = {isa = PBXBuildFile; fileRef = 7A7F64FF2560315F008B33C6 /* CameraSettingsView.swift */; };
		7A7F65112560315F008B33C6 /* PanTiltRelativeControl.swift in Sources */ = {isa = PBXBuildFile; fileRef = 7A7F65012560315F008B33C6 /* PanTiltRelativeControl.swift */; };
		7A7F65122560315F008B33C6 /* PanTiltRelativeControl.swift in Sources */ = {isa = PBXBuildFile; fileRef = 7A7F65012560315F008B33C6 /* PanTiltRelativeControl.swift */; };
		7A7F65132560315F008B33C6 /* FocusControl.swift in Sources */ = {isa = PBXBuildFile; fileRef = 7A7F65022560315F008B33C6 /* FocusControl.swift */; };
		7A7F65142560315F008B33C6 /* FocusControl.swift in Sources */ = {isa = PBXBuildFile; fileRef = 7A7F65022560315F008B33C6 /* FocusControl.swift */; };
		7A7F65152560315F008B33C6 /* PanTiltSeparators.swift in Sources */ = {isa = PBXBuildFile; fileRef = 7A7F65032560315F008B33C6 /* PanTiltSeparators.swift */; };
		7A7F65162560315F008B33C6 /* PanTiltSeparators.swift in Sources */ = {isa = PBXBuildFile; fileRef = 7A7F65032560315F008B33C6 /* PanTiltSeparators.swift */; };
		7A7F65172560315F008B33C6 /* CameraPTZControlTab.swift in Sources */ = {isa = PBXBuildFile; fileRef = 7A7F65042560315F008B33C6 /* CameraPTZControlTab.swift */; };
		7A7F65182560315F008B33C6 /* CameraPTZControlTab.swift in Sources */ = {isa = PBXBuildFile; fileRef = 7A7F65042560315F008B33C6 /* CameraPTZControlTab.swift */; };
		7A7F65192560315F008B33C6 /* ZoomControl.swift in Sources */ = {isa = PBXBuildFile; fileRef = 7A7F65052560315F008B33C6 /* ZoomControl.swift */; };
		7A7F651A2560315F008B33C6 /* ZoomControl.swift in Sources */ = {isa = PBXBuildFile; fileRef = 7A7F65052560315F008B33C6 /* ZoomControl.swift */; };
		7A7F651B2560315F008B33C6 /* PanTiltThumb.swift in Sources */ = {isa = PBXBuildFile; fileRef = 7A7F65062560315F008B33C6 /* PanTiltThumb.swift */; };
		7A7F651C2560315F008B33C6 /* PanTiltThumb.swift in Sources */ = {isa = PBXBuildFile; fileRef = 7A7F65062560315F008B33C6 /* PanTiltThumb.swift */; };
		7A7F651D2560315F008B33C6 /* PanTiltControl.swift in Sources */ = {isa = PBXBuildFile; fileRef = 7A7F65072560315F008B33C6 /* PanTiltControl.swift */; };
		7A7F651E2560315F008B33C6 /* PanTiltControl.swift in Sources */ = {isa = PBXBuildFile; fileRef = 7A7F65072560315F008B33C6 /* PanTiltControl.swift */; };
		7A7F651F2560315F008B33C6 /* PanTiltDirectionShape.swift in Sources */ = {isa = PBXBuildFile; fileRef = 7A7F65082560315F008B33C6 /* PanTiltDirectionShape.swift */; };
		7A7F65202560315F008B33C6 /* PanTiltDirectionShape.swift in Sources */ = {isa = PBXBuildFile; fileRef = 7A7F65082560315F008B33C6 /* PanTiltDirectionShape.swift */; };
		7A7F65212560315F008B33C6 /* PanTiltButton.swift in Sources */ = {isa = PBXBuildFile; fileRef = 7A7F65092560315F008B33C6 /* PanTiltButton.swift */; };
		7A7F65222560315F008B33C6 /* PanTiltButton.swift in Sources */ = {isa = PBXBuildFile; fileRef = 7A7F65092560315F008B33C6 /* PanTiltButton.swift */; };
		7A7F65232560315F008B33C6 /* CameraContentView.swift in Sources */ = {isa = PBXBuildFile; fileRef = 7A7F650A2560315F008B33C6 /* CameraContentView.swift */; };
		7A7F65242560315F008B33C6 /* CameraContentView.swift in Sources */ = {isa = PBXBuildFile; fileRef = 7A7F650A2560315F008B33C6 /* CameraContentView.swift */; };
		7A7F652D25603169008B33C6 /* ConnectionStatusIndicator.swift in Sources */ = {isa = PBXBuildFile; fileRef = 7A7F652A25603169008B33C6 /* ConnectionStatusIndicator.swift */; };
		7A7F652E25603169008B33C6 /* ConnectionStatusIndicator.swift in Sources */ = {isa = PBXBuildFile; fileRef = 7A7F652A25603169008B33C6 /* ConnectionStatusIndicator.swift */; };
		7A7F652F25603169008B33C6 /* NavigationList.swift in Sources */ = {isa = PBXBuildFile; fileRef = 7A7F652B25603169008B33C6 /* NavigationList.swift */; };
		7A7F653025603169008B33C6 /* NavigationList.swift in Sources */ = {isa = PBXBuildFile; fileRef = 7A7F652B25603169008B33C6 /* NavigationList.swift */; };
		7A7F653125603169008B33C6 /* CameraNavigationRow.swift in Sources */ = {isa = PBXBuildFile; fileRef = 7A7F652C25603169008B33C6 /* CameraNavigationRow.swift */; };
		7A7F653225603169008B33C6 /* CameraNavigationRow.swift in Sources */ = {isa = PBXBuildFile; fileRef = 7A7F652C25603169008B33C6 /* CameraNavigationRow.swift */; };
		7A7F653D256033B4008B33C6 /* SFSafeSymbols in Frameworks */ = {isa = PBXBuildFile; productRef = 7A7F653C256033B4008B33C6 /* SFSafeSymbols */; };
		7A7F6544256033C1008B33C6 /* SFSafeSymbols in Frameworks */ = {isa = PBXBuildFile; productRef = 7A7F6543256033C1008B33C6 /* SFSafeSymbols */; };
		7A7F655D25603677008B33C6 /* AddCameraButton.swift in Sources */ = {isa = PBXBuildFile; fileRef = 7A7F655C25603677008B33C6 /* AddCameraButton.swift */; };
		7A7F655E25603677008B33C6 /* AddCameraButton.swift in Sources */ = {isa = PBXBuildFile; fileRef = 7A7F655C25603677008B33C6 /* AddCameraButton.swift */; };
		7A7F656C2560CA5E008B33C6 /* NWConnection+Combine.swift in Sources */ = {isa = PBXBuildFile; fileRef = 7A7F656B2560CA5E008B33C6 /* NWConnection+Combine.swift */; };
		7A7F656D2560CA5E008B33C6 /* NWConnection+Combine.swift in Sources */ = {isa = PBXBuildFile; fileRef = 7A7F656B2560CA5E008B33C6 /* NWConnection+Combine.swift */; };
		7A7F65732560CA88008B33C6 /* VISCAConnection.swift in Sources */ = {isa = PBXBuildFile; fileRef = 7A7F65722560CA88008B33C6 /* VISCAConnection.swift */; };
		7A7F65742560CA88008B33C6 /* VISCAConnection.swift in Sources */ = {isa = PBXBuildFile; fileRef = 7A7F65722560CA88008B33C6 /* VISCAConnection.swift */; };
		7A7F657A2560CAA9008B33C6 /* VISCAPool.swift in Sources */ = {isa = PBXBuildFile; fileRef = 7A7F65792560CAA9008B33C6 /* VISCAPool.swift */; };
		7A7F657B2560CAA9008B33C6 /* VISCAPool.swift in Sources */ = {isa = PBXBuildFile; fileRef = 7A7F65792560CAA9008B33C6 /* VISCAPool.swift */; };
		7A7F65812560E052008B33C6 /* VISCAVersion.swift in Sources */ = {isa = PBXBuildFile; fileRef = 7A7F65802560E052008B33C6 /* VISCAVersion.swift */; };
		7A7F65822560E052008B33C6 /* VISCAVersion.swift in Sources */ = {isa = PBXBuildFile; fileRef = 7A7F65802560E052008B33C6 /* VISCAVersion.swift */; };
		7A7F65882560E968008B33C6 /* await.swift in Sources */ = {isa = PBXBuildFile; fileRef = 7A7F65872560E968008B33C6 /* await.swift */; };
		7A7F65892560E968008B33C6 /* await.swift in Sources */ = {isa = PBXBuildFile; fileRef = 7A7F65872560E968008B33C6 /* await.swift */; };
		7A7F659525618087008B33C6 /* VISCASimulatorApp.swift in Sources */ = {isa = PBXBuildFile; fileRef = 7A7F659425618087008B33C6 /* VISCASimulatorApp.swift */; };
		7A7F659725618087008B33C6 /* ContentView.swift in Sources */ = {isa = PBXBuildFile; fileRef = 7A7F659625618087008B33C6 /* ContentView.swift */; };
		7A7F659925618088008B33C6 /* Assets.xcassets in Resources */ = {isa = PBXBuildFile; fileRef = 7A7F659825618088008B33C6 /* Assets.xcassets */; };
		7A7F659C25618088008B33C6 /* Preview Assets.xcassets in Resources */ = {isa = PBXBuildFile; fileRef = 7A7F659B25618088008B33C6 /* Preview Assets.xcassets */; };
		7A7F65A9256180E2008B33C6 /* VISCAServer.swift in Sources */ = {isa = PBXBuildFile; fileRef = 7A7F65A8256180E2008B33C6 /* VISCAServer.swift */; };
		7A7F65B5256180F1008B33C6 /* VISCAServerConnection.swift in Sources */ = {isa = PBXBuildFile; fileRef = 7A7F65B4256180F1008B33C6 /* VISCAServerConnection.swift */; };
		7A7F65C02561C7F2008B33C6 /* IntegerFormatting.swift in Sources */ = {isa = PBXBuildFile; fileRef = 7A7F64A1256030F9008B33C6 /* IntegerFormatting.swift */; };
		7A7F65C72561DD2B008B33C6 /* Data+Helpers.swift in Sources */ = {isa = PBXBuildFile; fileRef = 7A7F65C62561DD2B008B33C6 /* Data+Helpers.swift */; };
		7A7F65CD2561DD2E008B33C6 /* Data+Helpers.swift in Sources */ = {isa = PBXBuildFile; fileRef = 7A7F65C62561DD2B008B33C6 /* Data+Helpers.swift */; };
		7A7F65D32561DD2F008B33C6 /* Data+Helpers.swift in Sources */ = {isa = PBXBuildFile; fileRef = 7A7F65C62561DD2B008B33C6 /* Data+Helpers.swift */; };
		7A7F65DA2561F69B008B33C6 /* Camera.swift in Sources */ = {isa = PBXBuildFile; fileRef = 7A7F65D92561F69B008B33C6 /* Camera.swift */; };
		7A8ABBE22566105100617A70 /* ToggleButton.swift in Sources */ = {isa = PBXBuildFile; fileRef = 7A8ABBE12566105100617A70 /* ToggleButton.swift */; };
		7A8ABBE32566105100617A70 /* ToggleButton.swift in Sources */ = {isa = PBXBuildFile; fileRef = 7A8ABBE12566105100617A70 /* ToggleButton.swift */; };
		7A8ABBEF256612B800617A70 /* Binding+Helpers.swift in Sources */ = {isa = PBXBuildFile; fileRef = 7A8ABBEE256612B800617A70 /* Binding+Helpers.swift */; };
		7A8ABBF0256612B800617A70 /* Binding+Helpers.swift in Sources */ = {isa = PBXBuildFile; fileRef = 7A8ABBEE256612B800617A70 /* Binding+Helpers.swift */; };
		7A8ABBF725661D8700617A70 /* VISCACommand.swift in Sources */ = {isa = PBXBuildFile; fileRef = 7A8ABBF625661D8700617A70 /* VISCACommand.swift */; };
		7A8ABBF825661D8700617A70 /* VISCACommand.swift in Sources */ = {isa = PBXBuildFile; fileRef = 7A8ABBF625661D8700617A70 /* VISCACommand.swift */; };
		7A8ABBFF2566C86E00617A70 /* VISCAInquiry.swift in Sources */ = {isa = PBXBuildFile; fileRef = 7A8ABBFE2566C86E00617A70 /* VISCAInquiry.swift */; };
		7A8ABC002566C86E00617A70 /* VISCAInquiry.swift in Sources */ = {isa = PBXBuildFile; fileRef = 7A8ABBFE2566C86E00617A70 /* VISCAInquiry.swift */; };
		7A8ABC072566CA3F00617A70 /* Data+ExpressibleByArrayLiteral.swift in Sources */ = {isa = PBXBuildFile; fileRef = 7A8ABC062566CA3F00617A70 /* Data+ExpressibleByArrayLiteral.swift */; };
		7A8ABC082566CA3F00617A70 /* Data+ExpressibleByArrayLiteral.swift in Sources */ = {isa = PBXBuildFile; fileRef = 7A8ABC062566CA3F00617A70 /* Data+ExpressibleByArrayLiteral.swift */; };
		7A9D39BD256A104D0090AD5F /* DataLoadingTests.swift in Sources */ = {isa = PBXBuildFile; fileRef = 7A9D39BC256A104D0090AD5F /* DataLoadingTests.swift */; };
		7A9D39D7256B21120090AD5F /* CameraPresetsGrid.swift in Sources */ = {isa = PBXBuildFile; fileRef = 7A9D39D6256B21120090AD5F /* CameraPresetsGrid.swift */; };
		7A9D39D8256B21120090AD5F /* CameraPresetsGrid.swift in Sources */ = {isa = PBXBuildFile; fileRef = 7A9D39D6256B21120090AD5F /* CameraPresetsGrid.swift */; };
		7A9D3A15256B6F550090AD5F /* DirectionButton.swift in Sources */ = {isa = PBXBuildFile; fileRef = 7A9D3A14256B6F550090AD5F /* DirectionButton.swift */; };
		7A9D3A16256B6F550090AD5F /* DirectionButton.swift in Sources */ = {isa = PBXBuildFile; fileRef = 7A9D3A14256B6F550090AD5F /* DirectionButton.swift */; };
		7A9D3A1E256B75AD0090AD5F /* FocusControl.swift in Sources */ = {isa = PBXBuildFile; fileRef = 7A9D3A1D256B75AD0090AD5F /* FocusControl.swift */; };
		7A9D3A26256B75D60090AD5F /* PropertyControl.swift in Sources */ = {isa = PBXBuildFile; fileRef = 7A9D3A25256B75D60090AD5F /* PropertyControl.swift */; };
		7AA7AB58259ECD070089567F /* LetsMove.framework in Frameworks */ = {isa = PBXBuildFile; fileRef = 7AA7AB52259ECCF20089567F /* LetsMove.framework */; };
		7AA7AB59259ECD070089567F /* LetsMove.framework in Embed Frameworks */ = {isa = PBXBuildFile; fileRef = 7AA7AB52259ECCF20089567F /* LetsMove.framework */; settings = {ATTRIBUTES = (CodeSignOnCopy, RemoveHeadersOnCopy, ); }; };
		7AA7AB6C259ED12C0089567F /* Sparkle.framework in Frameworks */ = {isa = PBXBuildFile; fileRef = 7AA7AB6A259ED1200089567F /* Sparkle.framework */; };
		7AA7AB6D259ED12C0089567F /* Sparkle.framework in Embed Frameworks */ = {isa = PBXBuildFile; fileRef = 7AA7AB6A259ED1200089567F /* Sparkle.framework */; settings = {ATTRIBUTES = (CodeSignOnCopy, RemoveHeadersOnCopy, ); }; };
		7AA7AB75259ED2380089567F /* Mixpanel.framework in Frameworks */ = {isa = PBXBuildFile; fileRef = 7AA7AB73259ED2040089567F /* Mixpanel.framework */; };
		7AA7AB76259ED2380089567F /* Mixpanel.framework in Embed Frameworks */ = {isa = PBXBuildFile; fileRef = 7AA7AB73259ED2040089567F /* Mixpanel.framework */; settings = {ATTRIBUTES = (CodeSignOnCopy, RemoveHeadersOnCopy, ); }; };
		7AA7AB80259ED3700089567F /* Sparkle.framework.dSYM in CopyFiles */ = {isa = PBXBuildFile; fileRef = 7AA7AB7D259ED3700089567F /* Sparkle.framework.dSYM */; };
		7AA7AB81259ED3700089567F /* Mixpanel.framework.dSYM in CopyFiles */ = {isa = PBXBuildFile; fileRef = 7AA7AB7E259ED3700089567F /* Mixpanel.framework.dSYM */; };
		7AA7AB82259ED3700089567F /* LetsMove.framework.dSYM in CopyFiles */ = {isa = PBXBuildFile; fileRef = 7AA7AB7F259ED3700089567F /* LetsMove.framework.dSYM */; };
		7AA7AB8E259ED3F90089567F /* NSApplicationDelegate.swift in Sources */ = {isa = PBXBuildFile; fileRef = 7AA7AB8D259ED3F90089567F /* NSApplicationDelegate.swift */; };
		7AA867C52575FC6600AA7B6E /* Logger+Helpers.swift in Sources */ = {isa = PBXBuildFile; fileRef = 7AA867C42575FC6600AA7B6E /* Logger+Helpers.swift */; };
		7AA867C62575FC6600AA7B6E /* Logger+Helpers.swift in Sources */ = {isa = PBXBuildFile; fileRef = 7AA867C42575FC6600AA7B6E /* Logger+Helpers.swift */; };
		7AA867CE257693E400AA7B6E /* ConnectionRow.swift in Sources */ = {isa = PBXBuildFile; fileRef = 7AA867CD257693E400AA7B6E /* ConnectionRow.swift */; };
		7AA8681225769EC500AA7B6E /* Tracking.swift in Sources */ = {isa = PBXBuildFile; fileRef = 7AA8681125769EC500AA7B6E /* Tracking.swift */; };
		7AA8681325769EC500AA7B6E /* Tracking.swift in Sources */ = {isa = PBXBuildFile; fileRef = 7AA8681125769EC500AA7B6E /* Tracking.swift */; };
		7AAF43BE2565E19800C82EC3 /* Slider+Int.swift in Sources */ = {isa = PBXBuildFile; fileRef = 7AAF43BD2565E19800C82EC3 /* Slider+Int.swift */; };
		7AAF43BF2565E19800C82EC3 /* Slider+Int.swift in Sources */ = {isa = PBXBuildFile; fileRef = 7AAF43BD2565E19800C82EC3 /* Slider+Int.swift */; };
		7AAF43CA2565F63500C82EC3 /* Slider+Int.swift in Sources */ = {isa = PBXBuildFile; fileRef = 7AAF43BD2565E19800C82EC3 /* Slider+Int.swift */; };
		7AAF43D72565FE3800C82EC3 /* Defaults in Frameworks */ = {isa = PBXBuildFile; productRef = 7AAF43D62565FE3800C82EC3 /* Defaults */; };
		7ABBA6E9256E1610001B4967 /* View+Extend.swift in Sources */ = {isa = PBXBuildFile; fileRef = 7ABBA6E8256E1610001B4967 /* View+Extend.swift */; };
		7ABBA6EA256E1610001B4967 /* View+Extend.swift in Sources */ = {isa = PBXBuildFile; fileRef = 7ABBA6E8256E1610001B4967 /* View+Extend.swift */; };
		7ABBA6F2256E163A001B4967 /* RemoveCameraButton.swift in Sources */ = {isa = PBXBuildFile; fileRef = 7ABBA6F1256E163A001B4967 /* RemoveCameraButton.swift */; };
		7ABBA6F3256E163A001B4967 /* RemoveCameraButton.swift in Sources */ = {isa = PBXBuildFile; fileRef = 7ABBA6F1256E163A001B4967 /* RemoveCameraButton.swift */; };
		7ADA267F2563575A00A03CBE /* defaultsKey.swift in Sources */ = {isa = PBXBuildFile; fileRef = 7ADA267E2563575A00A03CBE /* defaultsKey.swift */; };
		7ADA26802563575A00A03CBE /* defaultsKey.swift in Sources */ = {isa = PBXBuildFile; fileRef = 7ADA267E2563575A00A03CBE /* defaultsKey.swift */; };
		7ADA269B2563728000A03CBE /* NSWindowInspector.swift in Sources */ = {isa = PBXBuildFile; fileRef = 7ADA269A2563728000A03CBE /* NSWindowInspector.swift */; };
		7ADA269C2563728000A03CBE /* NSWindowInspector.swift in Sources */ = {isa = PBXBuildFile; fileRef = 7ADA269A2563728000A03CBE /* NSWindowInspector.swift */; };
		7ADA26A325638A1F00A03CBE /* NavigationSelection.swift in Sources */ = {isa = PBXBuildFile; fileRef = 7ADA26A225638A1F00A03CBE /* NavigationSelection.swift */; };
		7ADA26A425638A1F00A03CBE /* NavigationSelection.swift in Sources */ = {isa = PBXBuildFile; fileRef = 7ADA26A225638A1F00A03CBE /* NavigationSelection.swift */; };
		7ADE9856257465F100227332 /* Errors.swift in Sources */ = {isa = PBXBuildFile; fileRef = 7ADE9855257465F100227332 /* Errors.swift */; };
		7ADE9857257465F100227332 /* Errors.swift in Sources */ = {isa = PBXBuildFile; fileRef = 7ADE9855257465F100227332 /* Errors.swift */; };
/* End PBXBuildFile section */

/* Begin PBXContainerItemProxy section */
		7A7F64522560305B008B33C6 /* PBXContainerItemProxy */ = {
			isa = PBXContainerItemProxy;
			containerPortal = 7A7F64352560305A008B33C6 /* Project object */;
			proxyType = 1;
			remoteGlobalIDString = 7A7F64402560305B008B33C6;
			remoteInfo = "CameraDashboard (iOS)";
		};
		7A7F645D2560305B008B33C6 /* PBXContainerItemProxy */ = {
			isa = PBXContainerItemProxy;
			containerPortal = 7A7F64352560305A008B33C6 /* Project object */;
			proxyType = 1;
			remoteGlobalIDString = 7A7F64482560305B008B33C6;
			remoteInfo = "CameraDashboard (macOS)";
		};
		7A9D39BF256A104D0090AD5F /* PBXContainerItemProxy */ = {
			isa = PBXContainerItemProxy;
			containerPortal = 7A7F64352560305A008B33C6 /* Project object */;
			proxyType = 1;
			remoteGlobalIDString = 7A7F64482560305B008B33C6;
			remoteInfo = "CameraDashboard (macOS)";
		};
/* End PBXContainerItemProxy section */

/* Begin PBXCopyFilesBuildPhase section */
		7AA7AB7C259ED3430089567F /* CopyFiles */ = {
			isa = PBXCopyFilesBuildPhase;
			buildActionMask = 2147483647;
			dstPath = "";
			dstSubfolderSpec = 16;
			files = (
				7AA7AB80259ED3700089567F /* Sparkle.framework.dSYM in CopyFiles */,
				7AA7AB81259ED3700089567F /* Mixpanel.framework.dSYM in CopyFiles */,
				7AA7AB82259ED3700089567F /* LetsMove.framework.dSYM in CopyFiles */,
			);
			runOnlyForDeploymentPostprocessing = 0;
		};
		7AA8680B25769D3700AA7B6E /* Embed Frameworks */ = {
			isa = PBXCopyFilesBuildPhase;
			buildActionMask = 2147483647;
			dstPath = "";
			dstSubfolderSpec = 10;
			files = (
				7AA7AB6D259ED12C0089567F /* Sparkle.framework in Embed Frameworks */,
				7AA7AB76259ED2380089567F /* Mixpanel.framework in Embed Frameworks */,
				7AA7AB59259ECD070089567F /* LetsMove.framework in Embed Frameworks */,
			);
			name = "Embed Frameworks";
			runOnlyForDeploymentPostprocessing = 0;
		};
/* End PBXCopyFilesBuildPhase section */

/* Begin PBXFileReference section */
		7A6D840D2568A1FC00731653 /* VISCAFocusMode.swift */ = {isa = PBXFileReference; lastKnownFileType = sourcecode.swift; path = VISCAFocusMode.swift; sourceTree = "<group>"; };
		7A7B5EFC2574975400E6EF0C /* EditPresetButton.swift */ = {isa = PBXFileReference; lastKnownFileType = sourcecode.swift; path = EditPresetButton.swift; sourceTree = "<group>"; };
		7A7F643A2560305A008B33C6 /* CameraDashboardApp.swift */ = {isa = PBXFileReference; lastKnownFileType = sourcecode.swift; path = CameraDashboardApp.swift; sourceTree = "<group>"; };
		7A7F643B2560305A008B33C6 /* ContentView.swift */ = {isa = PBXFileReference; lastKnownFileType = sourcecode.swift; path = ContentView.swift; sourceTree = "<group>"; };
		7A7F643C2560305B008B33C6 /* Assets.xcassets */ = {isa = PBXFileReference; lastKnownFileType = folder.assetcatalog; path = Assets.xcassets; sourceTree = "<group>"; };
		7A7F64412560305B008B33C6 /* CameraDashboard.app */ = {isa = PBXFileReference; explicitFileType = wrapper.application; includeInIndex = 0; path = CameraDashboard.app; sourceTree = BUILT_PRODUCTS_DIR; };
		7A7F64442560305B008B33C6 /* Info.plist */ = {isa = PBXFileReference; lastKnownFileType = text.plist.xml; path = Info.plist; sourceTree = "<group>"; };
		7A7F64492560305B008B33C6 /* Camera Dashboard.app */ = {isa = PBXFileReference; explicitFileType = wrapper.application; includeInIndex = 0; path = "Camera Dashboard.app"; sourceTree = BUILT_PRODUCTS_DIR; };
		7A7F644B2560305B008B33C6 /* Info.plist */ = {isa = PBXFileReference; lastKnownFileType = text.plist.xml; path = Info.plist; sourceTree = "<group>"; };
		7A7F644C2560305B008B33C6 /* macOS.entitlements */ = {isa = PBXFileReference; lastKnownFileType = text.plist.entitlements; path = macOS.entitlements; sourceTree = "<group>"; };
		7A7F64512560305B008B33C6 /* Tests iOS.xctest */ = {isa = PBXFileReference; explicitFileType = wrapper.cfbundle; includeInIndex = 0; path = "Tests iOS.xctest"; sourceTree = BUILT_PRODUCTS_DIR; };
		7A7F64552560305B008B33C6 /* Tests_iOS.swift */ = {isa = PBXFileReference; lastKnownFileType = sourcecode.swift; path = Tests_iOS.swift; sourceTree = "<group>"; };
		7A7F64572560305B008B33C6 /* Info.plist */ = {isa = PBXFileReference; lastKnownFileType = text.plist.xml; path = Info.plist; sourceTree = "<group>"; };
		7A7F645C2560305B008B33C6 /* Tests macOS.xctest */ = {isa = PBXFileReference; explicitFileType = wrapper.cfbundle; includeInIndex = 0; path = "Tests macOS.xctest"; sourceTree = BUILT_PRODUCTS_DIR; };
		7A7F64602560305B008B33C6 /* Tests_macOS.swift */ = {isa = PBXFileReference; lastKnownFileType = sourcecode.swift; path = Tests_macOS.swift; sourceTree = "<group>"; };
		7A7F64622560305B008B33C6 /* Info.plist */ = {isa = PBXFileReference; lastKnownFileType = text.plist.xml; path = Info.plist; sourceTree = "<group>"; };
		7A7F647C25603092008B33C6 /* PresetConfig.swift */ = {isa = PBXFileReference; fileEncoding = 4; lastKnownFileType = sourcecode.swift; path = PresetConfig.swift; sourceTree = "<group>"; };
		7A7F647D25603092008B33C6 /* CameraManager.swift */ = {isa = PBXFileReference; fileEncoding = 4; lastKnownFileType = sourcecode.swift; path = CameraManager.swift; sourceTree = "<group>"; };
		7A7F647E25603092008B33C6 /* Camera.swift */ = {isa = PBXFileReference; fileEncoding = 4; lastKnownFileType = sourcecode.swift; path = Camera.swift; sourceTree = "<group>"; };
		7A7F648B256030C3008B33C6 /* VISCAClient.swift */ = {isa = PBXFileReference; fileEncoding = 4; lastKnownFileType = sourcecode.swift; path = VISCAClient.swift; sourceTree = "<group>"; };
		7A7F648C256030C3008B33C6 /* PTZDirection.swift */ = {isa = PBXFileReference; fileEncoding = 4; lastKnownFileType = sourcecode.swift; path = PTZDirection.swift; sourceTree = "<group>"; };
		7A7F648D256030C3008B33C6 /* VISCAPreset.swift */ = {isa = PBXFileReference; fileEncoding = 4; lastKnownFileType = sourcecode.swift; path = VISCAPreset.swift; sourceTree = "<group>"; };
		7A7F649A256030F1008B33C6 /* Formatters.swift */ = {isa = PBXFileReference; fileEncoding = 4; lastKnownFileType = sourcecode.swift; path = Formatters.swift; sourceTree = "<group>"; };
		7A7F64A1256030F9008B33C6 /* IntegerFormatting.swift */ = {isa = PBXFileReference; fileEncoding = 4; lastKnownFileType = sourcecode.swift; path = IntegerFormatting.swift; sourceTree = "<group>"; };
		7A7F64A825603101008B33C6 /* Angle+Additions.swift */ = {isa = PBXFileReference; fileEncoding = 4; lastKnownFileType = sourcecode.swift; path = "Angle+Additions.swift"; sourceTree = "<group>"; };
		7A7F64AF25603119008B33C6 /* ReplaySubject.swift */ = {isa = PBXFileReference; fileEncoding = 4; lastKnownFileType = sourcecode.swift; path = ReplaySubject.swift; sourceTree = "<group>"; };
		7A7F64B62560311E008B33C6 /* Uncancellable.swift */ = {isa = PBXFileReference; fileEncoding = 4; lastKnownFileType = sourcecode.swift; path = Uncancellable.swift; sourceTree = "<group>"; };
		7A7F64BE25603134008B33C6 /* Column.swift */ = {isa = PBXFileReference; fileEncoding = 4; lastKnownFileType = sourcecode.swift; path = Column.swift; sourceTree = "<group>"; };
		7A7F64C025603134008B33C6 /* ErrorAlert.swift */ = {isa = PBXFileReference; fileEncoding = 4; lastKnownFileType = sourcecode.swift; path = ErrorAlert.swift; sourceTree = "<group>"; };
		7A7F64C125603134008B33C6 /* acceptsFirstMouse.swift */ = {isa = PBXFileReference; fileEncoding = 4; lastKnownFileType = sourcecode.swift; path = acceptsFirstMouse.swift; sourceTree = "<group>"; };
		7A7F64D625603142008B33C6 /* SwitcherButton.swift */ = {isa = PBXFileReference; fileEncoding = 4; lastKnownFileType = sourcecode.swift; path = SwitcherButton.swift; sourceTree = "<group>"; };
		7A7F64DE2560314D008B33C6 /* PresetColorControl.swift */ = {isa = PBXFileReference; fileEncoding = 4; lastKnownFileType = sourcecode.swift; path = PresetColorControl.swift; sourceTree = "<group>"; };
		7A7F64DF2560314D008B33C6 /* PresetsView.swift */ = {isa = PBXFileReference; fileEncoding = 4; lastKnownFileType = sourcecode.swift; path = PresetsView.swift; sourceTree = "<group>"; };
		7A7F64E02560314D008B33C6 /* PresetColorPicker.swift */ = {isa = PBXFileReference; fileEncoding = 4; lastKnownFileType = sourcecode.swift; path = PresetColorPicker.swift; sourceTree = "<group>"; };
		7A7F64E12560314D008B33C6 /* PresetEditView.swift */ = {isa = PBXFileReference; fileEncoding = 4; lastKnownFileType = sourcecode.swift; path = PresetEditView.swift; sourceTree = "<group>"; };
		7A7F64E22560314D008B33C6 /* ConnectionPresetsRow.swift */ = {isa = PBXFileReference; fileEncoding = 4; lastKnownFileType = sourcecode.swift; path = ConnectionPresetsRow.swift; sourceTree = "<group>"; };
		7A7F64E32560314D008B33C6 /* PresetView.swift */ = {isa = PBXFileReference; fileEncoding = 4; lastKnownFileType = sourcecode.swift; path = PresetView.swift; sourceTree = "<group>"; };
		7A7F64F425603158008B33C6 /* ErrorReporter.swift */ = {isa = PBXFileReference; fileEncoding = 4; lastKnownFileType = sourcecode.swift; path = ErrorReporter.swift; sourceTree = "<group>"; };
		7A7F64FC2560315F008B33C6 /* CameraDetail.swift */ = {isa = PBXFileReference; fileEncoding = 4; lastKnownFileType = sourcecode.swift; path = CameraDetail.swift; sourceTree = "<group>"; };
		7A7F64FE2560315F008B33C6 /* CameraSettingsButton.swift */ = {isa = PBXFileReference; fileEncoding = 4; lastKnownFileType = sourcecode.swift; path = CameraSettingsButton.swift; sourceTree = "<group>"; };
		7A7F64FF2560315F008B33C6 /* CameraSettingsView.swift */ = {isa = PBXFileReference; fileEncoding = 4; lastKnownFileType = sourcecode.swift; path = CameraSettingsView.swift; sourceTree = "<group>"; };
		7A7F65012560315F008B33C6 /* PanTiltRelativeControl.swift */ = {isa = PBXFileReference; fileEncoding = 4; lastKnownFileType = sourcecode.swift; path = PanTiltRelativeControl.swift; sourceTree = "<group>"; };
		7A7F65022560315F008B33C6 /* FocusControl.swift */ = {isa = PBXFileReference; fileEncoding = 4; lastKnownFileType = sourcecode.swift; path = FocusControl.swift; sourceTree = "<group>"; };
		7A7F65032560315F008B33C6 /* PanTiltSeparators.swift */ = {isa = PBXFileReference; fileEncoding = 4; lastKnownFileType = sourcecode.swift; path = PanTiltSeparators.swift; sourceTree = "<group>"; };
		7A7F65042560315F008B33C6 /* CameraPTZControlTab.swift */ = {isa = PBXFileReference; fileEncoding = 4; lastKnownFileType = sourcecode.swift; path = CameraPTZControlTab.swift; sourceTree = "<group>"; };
		7A7F65052560315F008B33C6 /* ZoomControl.swift */ = {isa = PBXFileReference; fileEncoding = 4; lastKnownFileType = sourcecode.swift; path = ZoomControl.swift; sourceTree = "<group>"; };
		7A7F65062560315F008B33C6 /* PanTiltThumb.swift */ = {isa = PBXFileReference; fileEncoding = 4; lastKnownFileType = sourcecode.swift; path = PanTiltThumb.swift; sourceTree = "<group>"; };
		7A7F65072560315F008B33C6 /* PanTiltControl.swift */ = {isa = PBXFileReference; fileEncoding = 4; lastKnownFileType = sourcecode.swift; path = PanTiltControl.swift; sourceTree = "<group>"; };
		7A7F65082560315F008B33C6 /* PanTiltDirectionShape.swift */ = {isa = PBXFileReference; fileEncoding = 4; lastKnownFileType = sourcecode.swift; path = PanTiltDirectionShape.swift; sourceTree = "<group>"; };
		7A7F65092560315F008B33C6 /* PanTiltButton.swift */ = {isa = PBXFileReference; fileEncoding = 4; lastKnownFileType = sourcecode.swift; path = PanTiltButton.swift; sourceTree = "<group>"; };
		7A7F650A2560315F008B33C6 /* CameraContentView.swift */ = {isa = PBXFileReference; fileEncoding = 4; lastKnownFileType = sourcecode.swift; path = CameraContentView.swift; sourceTree = "<group>"; };
		7A7F652A25603169008B33C6 /* ConnectionStatusIndicator.swift */ = {isa = PBXFileReference; fileEncoding = 4; lastKnownFileType = sourcecode.swift; path = ConnectionStatusIndicator.swift; sourceTree = "<group>"; };
		7A7F652B25603169008B33C6 /* NavigationList.swift */ = {isa = PBXFileReference; fileEncoding = 4; lastKnownFileType = sourcecode.swift; path = NavigationList.swift; sourceTree = "<group>"; };
		7A7F652C25603169008B33C6 /* CameraNavigationRow.swift */ = {isa = PBXFileReference; fileEncoding = 4; lastKnownFileType = sourcecode.swift; path = CameraNavigationRow.swift; sourceTree = "<group>"; };
		7A7F655C25603677008B33C6 /* AddCameraButton.swift */ = {isa = PBXFileReference; lastKnownFileType = sourcecode.swift; path = AddCameraButton.swift; sourceTree = "<group>"; };
		7A7F656B2560CA5E008B33C6 /* NWConnection+Combine.swift */ = {isa = PBXFileReference; lastKnownFileType = sourcecode.swift; path = "NWConnection+Combine.swift"; sourceTree = "<group>"; };
		7A7F65722560CA88008B33C6 /* VISCAConnection.swift */ = {isa = PBXFileReference; lastKnownFileType = sourcecode.swift; path = VISCAConnection.swift; sourceTree = "<group>"; };
		7A7F65792560CAA9008B33C6 /* VISCAPool.swift */ = {isa = PBXFileReference; lastKnownFileType = sourcecode.swift; path = VISCAPool.swift; sourceTree = "<group>"; };
		7A7F65802560E052008B33C6 /* VISCAVersion.swift */ = {isa = PBXFileReference; lastKnownFileType = sourcecode.swift; path = VISCAVersion.swift; sourceTree = "<group>"; };
		7A7F65872560E968008B33C6 /* await.swift */ = {isa = PBXFileReference; lastKnownFileType = sourcecode.swift; path = await.swift; sourceTree = "<group>"; };
		7A7F659225618087008B33C6 /* VISCASimulator.app */ = {isa = PBXFileReference; explicitFileType = wrapper.application; includeInIndex = 0; path = VISCASimulator.app; sourceTree = BUILT_PRODUCTS_DIR; };
		7A7F659425618087008B33C6 /* VISCASimulatorApp.swift */ = {isa = PBXFileReference; lastKnownFileType = sourcecode.swift; path = VISCASimulatorApp.swift; sourceTree = "<group>"; };
		7A7F659625618087008B33C6 /* ContentView.swift */ = {isa = PBXFileReference; lastKnownFileType = sourcecode.swift; path = ContentView.swift; sourceTree = "<group>"; };
		7A7F659825618088008B33C6 /* Assets.xcassets */ = {isa = PBXFileReference; lastKnownFileType = folder.assetcatalog; path = Assets.xcassets; sourceTree = "<group>"; };
		7A7F659B25618088008B33C6 /* Preview Assets.xcassets */ = {isa = PBXFileReference; lastKnownFileType = folder.assetcatalog; path = "Preview Assets.xcassets"; sourceTree = "<group>"; };
		7A7F659D25618088008B33C6 /* Info.plist */ = {isa = PBXFileReference; lastKnownFileType = text.plist.xml; path = Info.plist; sourceTree = "<group>"; };
		7A7F659E25618088008B33C6 /* VISCASimulator.entitlements */ = {isa = PBXFileReference; lastKnownFileType = text.plist.entitlements; path = VISCASimulator.entitlements; sourceTree = "<group>"; };
		7A7F65A8256180E2008B33C6 /* VISCAServer.swift */ = {isa = PBXFileReference; lastKnownFileType = sourcecode.swift; path = VISCAServer.swift; sourceTree = "<group>"; };
		7A7F65B4256180F1008B33C6 /* VISCAServerConnection.swift */ = {isa = PBXFileReference; lastKnownFileType = sourcecode.swift; path = VISCAServerConnection.swift; sourceTree = "<group>"; };
		7A7F65C62561DD2B008B33C6 /* Data+Helpers.swift */ = {isa = PBXFileReference; lastKnownFileType = sourcecode.swift; path = "Data+Helpers.swift"; sourceTree = "<group>"; };
		7A7F65D92561F69B008B33C6 /* Camera.swift */ = {isa = PBXFileReference; lastKnownFileType = sourcecode.swift; path = Camera.swift; sourceTree = "<group>"; };
		7A8ABBE12566105100617A70 /* ToggleButton.swift */ = {isa = PBXFileReference; lastKnownFileType = sourcecode.swift; path = ToggleButton.swift; sourceTree = "<group>"; };
		7A8ABBEE256612B800617A70 /* Binding+Helpers.swift */ = {isa = PBXFileReference; lastKnownFileType = sourcecode.swift; path = "Binding+Helpers.swift"; sourceTree = "<group>"; };
		7A8ABBF625661D8700617A70 /* VISCACommand.swift */ = {isa = PBXFileReference; lastKnownFileType = sourcecode.swift; path = VISCACommand.swift; sourceTree = "<group>"; };
		7A8ABBFE2566C86E00617A70 /* VISCAInquiry.swift */ = {isa = PBXFileReference; lastKnownFileType = sourcecode.swift; path = VISCAInquiry.swift; sourceTree = "<group>"; };
		7A8ABC062566CA3F00617A70 /* Data+ExpressibleByArrayLiteral.swift */ = {isa = PBXFileReference; lastKnownFileType = sourcecode.swift; path = "Data+ExpressibleByArrayLiteral.swift"; sourceTree = "<group>"; };
		7A9D39BA256A104D0090AD5F /* CameraDashboardTests.xctest */ = {isa = PBXFileReference; explicitFileType = wrapper.cfbundle; includeInIndex = 0; path = CameraDashboardTests.xctest; sourceTree = BUILT_PRODUCTS_DIR; };
		7A9D39BC256A104D0090AD5F /* DataLoadingTests.swift */ = {isa = PBXFileReference; lastKnownFileType = sourcecode.swift; path = DataLoadingTests.swift; sourceTree = "<group>"; };
		7A9D39BE256A104D0090AD5F /* Info.plist */ = {isa = PBXFileReference; lastKnownFileType = text.plist.xml; path = Info.plist; sourceTree = "<group>"; };
		7A9D39D6256B21120090AD5F /* CameraPresetsGrid.swift */ = {isa = PBXFileReference; lastKnownFileType = sourcecode.swift; path = CameraPresetsGrid.swift; sourceTree = "<group>"; };
		7A9D3A14256B6F550090AD5F /* DirectionButton.swift */ = {isa = PBXFileReference; lastKnownFileType = sourcecode.swift; path = DirectionButton.swift; sourceTree = "<group>"; };
		7A9D3A1D256B75AD0090AD5F /* FocusControl.swift */ = {isa = PBXFileReference; lastKnownFileType = sourcecode.swift; path = FocusControl.swift; sourceTree = "<group>"; };
		7A9D3A25256B75D60090AD5F /* PropertyControl.swift */ = {isa = PBXFileReference; lastKnownFileType = sourcecode.swift; path = PropertyControl.swift; sourceTree = "<group>"; };
		7AA7AB52259ECCF20089567F /* LetsMove.framework */ = {isa = PBXFileReference; lastKnownFileType = wrapper.framework; name = LetsMove.framework; path = Carthage/Build/Mac/LetsMove.framework; sourceTree = "<group>"; };
		7AA7AB6A259ED1200089567F /* Sparkle.framework */ = {isa = PBXFileReference; lastKnownFileType = wrapper.framework; name = Sparkle.framework; path = Carthage/Build/Mac/Sparkle.framework; sourceTree = "<group>"; };
		7AA7AB73259ED2040089567F /* Mixpanel.framework */ = {isa = PBXFileReference; lastKnownFileType = wrapper.framework; name = Mixpanel.framework; path = Carthage/Build/Mac/Mixpanel.framework; sourceTree = "<group>"; };
		7AA7AB7D259ED3700089567F /* Sparkle.framework.dSYM */ = {isa = PBXFileReference; lastKnownFileType = wrapper.dsym; path = Sparkle.framework.dSYM; sourceTree = "<group>"; };
		7AA7AB7E259ED3700089567F /* Mixpanel.framework.dSYM */ = {isa = PBXFileReference; lastKnownFileType = wrapper.dsym; path = Mixpanel.framework.dSYM; sourceTree = "<group>"; };
		7AA7AB7F259ED3700089567F /* LetsMove.framework.dSYM */ = {isa = PBXFileReference; lastKnownFileType = wrapper.dsym; path = LetsMove.framework.dSYM; sourceTree = "<group>"; };
		7AA7AB8D259ED3F90089567F /* NSApplicationDelegate.swift */ = {isa = PBXFileReference; lastKnownFileType = sourcecode.swift; path = NSApplicationDelegate.swift; sourceTree = "<group>"; };
		7AA867C42575FC6600AA7B6E /* Logger+Helpers.swift */ = {isa = PBXFileReference; lastKnownFileType = sourcecode.swift; path = "Logger+Helpers.swift"; sourceTree = "<group>"; };
		7AA867CD257693E400AA7B6E /* ConnectionRow.swift */ = {isa = PBXFileReference; lastKnownFileType = sourcecode.swift; path = ConnectionRow.swift; sourceTree = "<group>"; };
		7AA8681125769EC500AA7B6E /* Tracking.swift */ = {isa = PBXFileReference; lastKnownFileType = sourcecode.swift; path = Tracking.swift; sourceTree = "<group>"; };
		7AAF43BD2565E19800C82EC3 /* Slider+Int.swift */ = {isa = PBXFileReference; lastKnownFileType = sourcecode.swift; path = "Slider+Int.swift"; sourceTree = "<group>"; };
		7ABBA6E8256E1610001B4967 /* View+Extend.swift */ = {isa = PBXFileReference; lastKnownFileType = sourcecode.swift; path = "View+Extend.swift"; sourceTree = "<group>"; };
		7ABBA6F1256E163A001B4967 /* RemoveCameraButton.swift */ = {isa = PBXFileReference; lastKnownFileType = sourcecode.swift; path = RemoveCameraButton.swift; sourceTree = "<group>"; };
		7ADA267E2563575A00A03CBE /* defaultsKey.swift */ = {isa = PBXFileReference; lastKnownFileType = sourcecode.swift; path = defaultsKey.swift; sourceTree = "<group>"; };
		7ADA26942563726500A03CBE /* .swiftformat */ = {isa = PBXFileReference; lastKnownFileType = text; path = .swiftformat; sourceTree = "<group>"; };
		7ADA269A2563728000A03CBE /* NSWindowInspector.swift */ = {isa = PBXFileReference; lastKnownFileType = sourcecode.swift; path = NSWindowInspector.swift; sourceTree = "<group>"; };
		7ADA26A225638A1F00A03CBE /* NavigationSelection.swift */ = {isa = PBXFileReference; lastKnownFileType = sourcecode.swift; path = NavigationSelection.swift; sourceTree = "<group>"; };
		7ADE9855257465F100227332 /* Errors.swift */ = {isa = PBXFileReference; lastKnownFileType = sourcecode.swift; path = Errors.swift; sourceTree = "<group>"; };
/* End PBXFileReference section */

/* Begin PBXFrameworksBuildPhase section */
		7A7F643E2560305B008B33C6 /* Frameworks */ = {
			isa = PBXFrameworksBuildPhase;
			buildActionMask = 2147483647;
			files = (
				7A7F6544256033C1008B33C6 /* SFSafeSymbols in Frameworks */,
			);
			runOnlyForDeploymentPostprocessing = 0;
		};
		7A7F64462560305B008B33C6 /* Frameworks */ = {
			isa = PBXFrameworksBuildPhase;
			buildActionMask = 2147483647;
			files = (
				7AA7AB75259ED2380089567F /* Mixpanel.framework in Frameworks */,
				7AA7AB58259ECD070089567F /* LetsMove.framework in Frameworks */,
				7A7F653D256033B4008B33C6 /* SFSafeSymbols in Frameworks */,
				7AA7AB6C259ED12C0089567F /* Sparkle.framework in Frameworks */,
			);
			runOnlyForDeploymentPostprocessing = 0;
		};
		7A7F644E2560305B008B33C6 /* Frameworks */ = {
			isa = PBXFrameworksBuildPhase;
			buildActionMask = 2147483647;
			files = (
			);
			runOnlyForDeploymentPostprocessing = 0;
		};
		7A7F64592560305B008B33C6 /* Frameworks */ = {
			isa = PBXFrameworksBuildPhase;
			buildActionMask = 2147483647;
			files = (
			);
			runOnlyForDeploymentPostprocessing = 0;
		};
		7A7F658F25618087008B33C6 /* Frameworks */ = {
			isa = PBXFrameworksBuildPhase;
			buildActionMask = 2147483647;
			files = (
				7AAF43D72565FE3800C82EC3 /* Defaults in Frameworks */,
			);
			runOnlyForDeploymentPostprocessing = 0;
		};
		7A9D39B7256A104D0090AD5F /* Frameworks */ = {
			isa = PBXFrameworksBuildPhase;
			buildActionMask = 2147483647;
			files = (
			);
			runOnlyForDeploymentPostprocessing = 0;
		};
/* End PBXFrameworksBuildPhase section */

/* Begin PBXGroup section */
		7A7F64342560305A008B33C6 = {
			isa = PBXGroup;
			children = (
				7ADA26942563726500A03CBE /* .swiftformat */,
				7A7F64392560305A008B33C6 /* Shared */,
				7A9D39BB256A104D0090AD5F /* CameraDashboardTests */,
				7A7F64432560305B008B33C6 /* iOS */,
				7A7F64542560305B008B33C6 /* Tests iOS */,
				7A7F644A2560305B008B33C6 /* macOS */,
				7A7F645F2560305B008B33C6 /* Tests macOS */,
				7A7F659325618087008B33C6 /* VISCASimulator */,
				7A7F64422560305B008B33C6 /* Products */,
				7A7F6542256033C1008B33C6 /* Frameworks */,
			);
			sourceTree = "<group>";
			usesTabs = 1;
		};
		7A7F64392560305A008B33C6 /* Shared */ = {
			isa = PBXGroup;
			children = (
				7A7F643A2560305A008B33C6 /* CameraDashboardApp.swift */,
				7AA7AB8D259ED3F90089567F /* NSApplicationDelegate.swift */,
				7A7F6489256030AC008B33C6 /* Views */,
				7A7F647B25603092008B33C6 /* CameraManager */,
				7A7F648A256030C3008B33C6 /* VISCA */,
				7A7F6499256030E4008B33C6 /* Helpers */,
				7A7F643C2560305B008B33C6 /* Assets.xcassets */,
			);
			path = Shared;
			sourceTree = "<group>";
		};
		7A7F64422560305B008B33C6 /* Products */ = {
			isa = PBXGroup;
			children = (
				7A7F64412560305B008B33C6 /* CameraDashboard.app */,
				7A7F64492560305B008B33C6 /* Camera Dashboard.app */,
				7A7F64512560305B008B33C6 /* Tests iOS.xctest */,
				7A7F645C2560305B008B33C6 /* Tests macOS.xctest */,
				7A7F659225618087008B33C6 /* VISCASimulator.app */,
				7A9D39BA256A104D0090AD5F /* CameraDashboardTests.xctest */,
			);
			name = Products;
			sourceTree = "<group>";
		};
		7A7F64432560305B008B33C6 /* iOS */ = {
			isa = PBXGroup;
			children = (
				7A7F64442560305B008B33C6 /* Info.plist */,
			);
			path = iOS;
			sourceTree = "<group>";
		};
		7A7F644A2560305B008B33C6 /* macOS */ = {
			isa = PBXGroup;
			children = (
				7A7F644B2560305B008B33C6 /* Info.plist */,
				7A7F644C2560305B008B33C6 /* macOS.entitlements */,
			);
			path = macOS;
			sourceTree = "<group>";
		};
		7A7F64542560305B008B33C6 /* Tests iOS */ = {
			isa = PBXGroup;
			children = (
				7A7F64552560305B008B33C6 /* Tests_iOS.swift */,
				7A7F64572560305B008B33C6 /* Info.plist */,
			);
			path = "Tests iOS";
			sourceTree = "<group>";
		};
		7A7F645F2560305B008B33C6 /* Tests macOS */ = {
			isa = PBXGroup;
			children = (
				7A7F64602560305B008B33C6 /* Tests_macOS.swift */,
				7A7F64622560305B008B33C6 /* Info.plist */,
			);
			path = "Tests macOS";
			sourceTree = "<group>";
		};
		7A7F647B25603092008B33C6 /* CameraManager */ = {
			isa = PBXGroup;
			children = (
				7A7F647D25603092008B33C6 /* CameraManager.swift */,
				7A7F647C25603092008B33C6 /* PresetConfig.swift */,
				7A7F647E25603092008B33C6 /* Camera.swift */,
			);
			path = CameraManager;
			sourceTree = "<group>";
		};
		7A7F6489256030AC008B33C6 /* Views */ = {
			isa = PBXGroup;
			children = (
				7A7F643B2560305A008B33C6 /* ContentView.swift */,
				7A7F652925603169008B33C6 /* Navigation */,
				7A7F64FB2560315F008B33C6 /* CameraDetail */,
				7A7F64DD2560314D008B33C6 /* Presets */,
				7A7F64BD25603134008B33C6 /* Shared */,
			);
			path = Views;
			sourceTree = "<group>";
		};
		7A7F648A256030C3008B33C6 /* VISCA */ = {
			isa = PBXGroup;
			children = (
				7A7F648B256030C3008B33C6 /* VISCAClient.swift */,
				7A7F65792560CAA9008B33C6 /* VISCAPool.swift */,
				7A7F65722560CA88008B33C6 /* VISCAConnection.swift */,
				7A8ABBF625661D8700617A70 /* VISCACommand.swift */,
				7A8ABBFE2566C86E00617A70 /* VISCAInquiry.swift */,
				7A7F65802560E052008B33C6 /* VISCAVersion.swift */,
				7A6D840D2568A1FC00731653 /* VISCAFocusMode.swift */,
				7A7F648C256030C3008B33C6 /* PTZDirection.swift */,
				7A7F648D256030C3008B33C6 /* VISCAPreset.swift */,
				7ADE9855257465F100227332 /* Errors.swift */,
			);
			path = VISCA;
			sourceTree = "<group>";
		};
		7A7F6499256030E4008B33C6 /* Helpers */ = {
			isa = PBXGroup;
			children = (
				7A7F649A256030F1008B33C6 /* Formatters.swift */,
				7A7F64A825603101008B33C6 /* Angle+Additions.swift */,
				7A7F64A1256030F9008B33C6 /* IntegerFormatting.swift */,
				7A7F65C62561DD2B008B33C6 /* Data+Helpers.swift */,
				7A7F64AF25603119008B33C6 /* ReplaySubject.swift */,
				7A7F64B62560311E008B33C6 /* Uncancellable.swift */,
				7A7F656B2560CA5E008B33C6 /* NWConnection+Combine.swift */,
				7A7F65872560E968008B33C6 /* await.swift */,
				7ADA267E2563575A00A03CBE /* defaultsKey.swift */,
				7AAF43BD2565E19800C82EC3 /* Slider+Int.swift */,
				7A8ABC062566CA3F00617A70 /* Data+ExpressibleByArrayLiteral.swift */,
				7AA867C42575FC6600AA7B6E /* Logger+Helpers.swift */,
				7AA8681125769EC500AA7B6E /* Tracking.swift */,
			);
			path = Helpers;
			sourceTree = "<group>";
		};
		7A7F64BD25603134008B33C6 /* Shared */ = {
			isa = PBXGroup;
			children = (
				7A7F64F425603158008B33C6 /* ErrorReporter.swift */,
				7A7F64D625603142008B33C6 /* SwitcherButton.swift */,
				7A7F64BE25603134008B33C6 /* Column.swift */,
				7A7F64C025603134008B33C6 /* ErrorAlert.swift */,
				7A7F64C125603134008B33C6 /* acceptsFirstMouse.swift */,
				7ADA269A2563728000A03CBE /* NSWindowInspector.swift */,
				7A8ABBE12566105100617A70 /* ToggleButton.swift */,
				7A8ABBEE256612B800617A70 /* Binding+Helpers.swift */,
				7ABBA6E8256E1610001B4967 /* View+Extend.swift */,
			);
			path = Shared;
			sourceTree = "<group>";
		};
		7A7F64DD2560314D008B33C6 /* Presets */ = {
			isa = PBXGroup;
			children = (
				7A7F64DF2560314D008B33C6 /* PresetsView.swift */,
				7A7F64E22560314D008B33C6 /* ConnectionPresetsRow.swift */,
				7A7F64E32560314D008B33C6 /* PresetView.swift */,
				7A7B5EFC2574975400E6EF0C /* EditPresetButton.swift */,
				7A7F64E12560314D008B33C6 /* PresetEditView.swift */,
				7A7F64DE2560314D008B33C6 /* PresetColorControl.swift */,
				7A7F64E02560314D008B33C6 /* PresetColorPicker.swift */,
			);
			path = Presets;
			sourceTree = "<group>";
		};
		7A7F64FB2560315F008B33C6 /* CameraDetail */ = {
			isa = PBXGroup;
			children = (
				7A7F64FC2560315F008B33C6 /* CameraDetail.swift */,
				7A7F64FD2560315F008B33C6 /* Settings */,
				7A7F65002560315F008B33C6 /* PTZControl */,
				7A7F650A2560315F008B33C6 /* CameraContentView.swift */,
			);
			path = CameraDetail;
			sourceTree = "<group>";
		};
		7A7F64FD2560315F008B33C6 /* Settings */ = {
			isa = PBXGroup;
			children = (
				7A7F64FF2560315F008B33C6 /* CameraSettingsView.swift */,
				7A7F64FE2560315F008B33C6 /* CameraSettingsButton.swift */,
				7ABBA6F1256E163A001B4967 /* RemoveCameraButton.swift */,
			);
			path = Settings;
			sourceTree = "<group>";
		};
		7A7F65002560315F008B33C6 /* PTZControl */ = {
			isa = PBXGroup;
			children = (
				7A7F65042560315F008B33C6 /* CameraPTZControlTab.swift */,
				7AAF43DD25660E9700C82EC3 /* PanTiltControl */,
				7A7F65052560315F008B33C6 /* ZoomControl.swift */,
				7A7F65022560315F008B33C6 /* FocusControl.swift */,
				7A9D3A14256B6F550090AD5F /* DirectionButton.swift */,
				7A9D39D6256B21120090AD5F /* CameraPresetsGrid.swift */,
			);
			path = PTZControl;
			sourceTree = "<group>";
		};
		7A7F652925603169008B33C6 /* Navigation */ = {
			isa = PBXGroup;
			children = (
				7A7F652B25603169008B33C6 /* NavigationList.swift */,
				7ADA26A225638A1F00A03CBE /* NavigationSelection.swift */,
				7A7F655C25603677008B33C6 /* AddCameraButton.swift */,
				7A7F652C25603169008B33C6 /* CameraNavigationRow.swift */,
				7A7F652A25603169008B33C6 /* ConnectionStatusIndicator.swift */,
			);
			path = Navigation;
			sourceTree = "<group>";
		};
		7A7F6542256033C1008B33C6 /* Frameworks */ = {
			isa = PBXGroup;
			children = (
				7AA7AB73259ED2040089567F /* Mixpanel.framework */,
				7AA7AB7E259ED3700089567F /* Mixpanel.framework.dSYM */,
				7AA7AB52259ECCF20089567F /* LetsMove.framework */,
				7AA7AB7F259ED3700089567F /* LetsMove.framework.dSYM */,
				7AA7AB6A259ED1200089567F /* Sparkle.framework */,
				7AA7AB7D259ED3700089567F /* Sparkle.framework.dSYM */,
			);
			name = Frameworks;
			sourceTree = "<group>";
		};
		7A7F659325618087008B33C6 /* VISCASimulator */ = {
			isa = PBXGroup;
			children = (
				7A7F659425618087008B33C6 /* VISCASimulatorApp.swift */,
				7A7F659625618087008B33C6 /* ContentView.swift */,
				7AA867CD257693E400AA7B6E /* ConnectionRow.swift */,
				7A9D3A1D256B75AD0090AD5F /* FocusControl.swift */,
				7A9D3A25256B75D60090AD5F /* PropertyControl.swift */,
				7A7F65A7256180C5008B33C6 /* VISCAServer */,
				7A7F659825618088008B33C6 /* Assets.xcassets */,
				7A7F659D25618088008B33C6 /* Info.plist */,
				7A7F659E25618088008B33C6 /* VISCASimulator.entitlements */,
				7A7F659A25618088008B33C6 /* Preview Content */,
			);
			path = VISCASimulator;
			sourceTree = "<group>";
		};
		7A7F659A25618088008B33C6 /* Preview Content */ = {
			isa = PBXGroup;
			children = (
				7A7F659B25618088008B33C6 /* Preview Assets.xcassets */,
			);
			path = "Preview Content";
			sourceTree = "<group>";
		};
		7A7F65A7256180C5008B33C6 /* VISCAServer */ = {
			isa = PBXGroup;
			children = (
				7A7F65A8256180E2008B33C6 /* VISCAServer.swift */,
				7A7F65B4256180F1008B33C6 /* VISCAServerConnection.swift */,
				7A7F65D92561F69B008B33C6 /* Camera.swift */,
			);
			path = VISCAServer;
			sourceTree = "<group>";
		};
		7A9D39BB256A104D0090AD5F /* CameraDashboardTests */ = {
			isa = PBXGroup;
			children = (
				7A9D39BC256A104D0090AD5F /* DataLoadingTests.swift */,
				7A9D39BE256A104D0090AD5F /* Info.plist */,
			);
			path = CameraDashboardTests;
			sourceTree = "<group>";
		};
		7AAF43DD25660E9700C82EC3 /* PanTiltControl */ = {
			isa = PBXGroup;
			children = (
				7A7F65072560315F008B33C6 /* PanTiltControl.swift */,
				7A7F65062560315F008B33C6 /* PanTiltThumb.swift */,
				7A7F65082560315F008B33C6 /* PanTiltDirectionShape.swift */,
				7A7F65092560315F008B33C6 /* PanTiltButton.swift */,
				7A7F65012560315F008B33C6 /* PanTiltRelativeControl.swift */,
				7A7F65032560315F008B33C6 /* PanTiltSeparators.swift */,
			);
			path = PanTiltControl;
			sourceTree = "<group>";
		};
/* End PBXGroup section */

/* Begin PBXNativeTarget section */
		7A7F64402560305B008B33C6 /* CameraDashboard (iOS) */ = {
			isa = PBXNativeTarget;
			buildConfigurationList = 7A7F646B2560305B008B33C6 /* Build configuration list for PBXNativeTarget "CameraDashboard (iOS)" */;
			buildPhases = (
				7A7F643D2560305B008B33C6 /* Sources */,
				7A7F643E2560305B008B33C6 /* Frameworks */,
				7A7F643F2560305B008B33C6 /* Resources */,
				7ADA268D25636EBB00A03CBE /* SwiftFormat */,
			);
			buildRules = (
			);
			dependencies = (
			);
			name = "CameraDashboard (iOS)";
			packageProductDependencies = (
				7A7F6543256033C1008B33C6 /* SFSafeSymbols */,
			);
			productName = "CameraDashboard (iOS)";
			productReference = 7A7F64412560305B008B33C6 /* CameraDashboard.app */;
			productType = "com.apple.product-type.application";
		};
		7A7F64482560305B008B33C6 /* CameraDashboard (macOS) */ = {
			isa = PBXNativeTarget;
			buildConfigurationList = 7A7F646E2560305B008B33C6 /* Build configuration list for PBXNativeTarget "CameraDashboard (macOS)" */;
			buildPhases = (
				7AA7AB5F259ECF120089567F /* Carthage */,
				7A7F64452560305B008B33C6 /* Sources */,
				7A7F64462560305B008B33C6 /* Frameworks */,
				7A7F64472560305B008B33C6 /* Resources */,
				7ADA268E25636EC800A03CBE /* SwiftFormat */,
				7AA8680B25769D3700AA7B6E /* Embed Frameworks */,
				7AA7AB7C259ED3430089567F /* CopyFiles */,
			);
			buildRules = (
			);
			dependencies = (
			);
			name = "CameraDashboard (macOS)";
			packageProductDependencies = (
				7A7F653C256033B4008B33C6 /* SFSafeSymbols */,
			);
			productName = "CameraDashboard (macOS)";
			productReference = 7A7F64492560305B008B33C6 /* Camera Dashboard.app */;
			productType = "com.apple.product-type.application";
		};
		7A7F64502560305B008B33C6 /* Tests iOS */ = {
			isa = PBXNativeTarget;
			buildConfigurationList = 7A7F64712560305B008B33C6 /* Build configuration list for PBXNativeTarget "Tests iOS" */;
			buildPhases = (
				7A7F644D2560305B008B33C6 /* Sources */,
				7A7F644E2560305B008B33C6 /* Frameworks */,
				7A7F644F2560305B008B33C6 /* Resources */,
			);
			buildRules = (
			);
			dependencies = (
				7A7F64532560305B008B33C6 /* PBXTargetDependency */,
			);
			name = "Tests iOS";
			productName = "Tests iOS";
			productReference = 7A7F64512560305B008B33C6 /* Tests iOS.xctest */;
			productType = "com.apple.product-type.bundle.ui-testing";
		};
		7A7F645B2560305B008B33C6 /* Tests macOS */ = {
			isa = PBXNativeTarget;
			buildConfigurationList = 7A7F64742560305B008B33C6 /* Build configuration list for PBXNativeTarget "Tests macOS" */;
			buildPhases = (
				7A7F64582560305B008B33C6 /* Sources */,
				7A7F64592560305B008B33C6 /* Frameworks */,
				7A7F645A2560305B008B33C6 /* Resources */,
			);
			buildRules = (
			);
			dependencies = (
				7A7F645E2560305B008B33C6 /* PBXTargetDependency */,
			);
			name = "Tests macOS";
			productName = "Tests macOS";
			productReference = 7A7F645C2560305B008B33C6 /* Tests macOS.xctest */;
			productType = "com.apple.product-type.bundle.ui-testing";
		};
		7A7F659125618087008B33C6 /* VISCASimulator */ = {
			isa = PBXNativeTarget;
			buildConfigurationList = 7A7F659F25618088008B33C6 /* Build configuration list for PBXNativeTarget "VISCASimulator" */;
			buildPhases = (
				7A7F658E25618087008B33C6 /* Sources */,
				7A7F658F25618087008B33C6 /* Frameworks */,
				7A7F659025618087008B33C6 /* Resources */,
				7ADA268C25636E9F00A03CBE /* SwiftFormat */,
			);
			buildRules = (
			);
			dependencies = (
			);
			name = VISCASimulator;
			packageProductDependencies = (
				7AAF43D62565FE3800C82EC3 /* Defaults */,
			);
			productName = VISCASimulator;
			productReference = 7A7F659225618087008B33C6 /* VISCASimulator.app */;
			productType = "com.apple.product-type.application";
		};
		7A9D39B9256A104D0090AD5F /* CameraDashboardTests */ = {
			isa = PBXNativeTarget;
			buildConfigurationList = 7A9D39C3256A104D0090AD5F /* Build configuration list for PBXNativeTarget "CameraDashboardTests" */;
			buildPhases = (
				7A9D39B6256A104D0090AD5F /* Sources */,
				7A9D39B7256A104D0090AD5F /* Frameworks */,
				7A9D39B8256A104D0090AD5F /* Resources */,
			);
			buildRules = (
			);
			dependencies = (
				7A9D39C0256A104D0090AD5F /* PBXTargetDependency */,
			);
			name = CameraDashboardTests;
			productName = CameraDashboardTests;
			productReference = 7A9D39BA256A104D0090AD5F /* CameraDashboardTests.xctest */;
			productType = "com.apple.product-type.bundle.unit-test";
		};
/* End PBXNativeTarget section */

/* Begin PBXProject section */
		7A7F64352560305A008B33C6 /* Project object */ = {
			isa = PBXProject;
			attributes = {
				LastSwiftUpdateCheck = 1230;
				LastUpgradeCheck = 1230;
				TargetAttributes = {
					7A7F64402560305B008B33C6 = {
						CreatedOnToolsVersion = 12.3;
					};
					7A7F64482560305B008B33C6 = {
						CreatedOnToolsVersion = 12.3;
					};
					7A7F64502560305B008B33C6 = {
						CreatedOnToolsVersion = 12.3;
						TestTargetID = 7A7F64402560305B008B33C6;
					};
					7A7F645B2560305B008B33C6 = {
						CreatedOnToolsVersion = 12.3;
						TestTargetID = 7A7F64482560305B008B33C6;
					};
					7A7F659125618087008B33C6 = {
						CreatedOnToolsVersion = 12.3;
					};
					7A9D39B9256A104D0090AD5F = {
						CreatedOnToolsVersion = 12.3;
						TestTargetID = 7A7F64482560305B008B33C6;
					};
				};
			};
			buildConfigurationList = 7A7F64382560305A008B33C6 /* Build configuration list for PBXProject "CameraDashboard" */;
			compatibilityVersion = "Xcode 9.3";
			developmentRegion = en;
			hasScannedForEncodings = 0;
			knownRegions = (
				en,
				Base,
			);
			mainGroup = 7A7F64342560305A008B33C6;
			packageReferences = (
				7A7F653B256033B4008B33C6 /* XCRemoteSwiftPackageReference "SFSafeSymbols" */,
				7AAF43D52565FE3800C82EC3 /* XCRemoteSwiftPackageReference "Defaults" */,
			);
			productRefGroup = 7A7F64422560305B008B33C6 /* Products */;
			projectDirPath = "";
			projectRoot = "";
			targets = (
				7A7F64402560305B008B33C6 /* CameraDashboard (iOS) */,
				7A7F64482560305B008B33C6 /* CameraDashboard (macOS) */,
				7A7F64502560305B008B33C6 /* Tests iOS */,
				7A7F645B2560305B008B33C6 /* Tests macOS */,
				7A7F659125618087008B33C6 /* VISCASimulator */,
				7A9D39B9256A104D0090AD5F /* CameraDashboardTests */,
			);
		};
/* End PBXProject section */

/* Begin PBXResourcesBuildPhase section */
		7A7F643F2560305B008B33C6 /* Resources */ = {
			isa = PBXResourcesBuildPhase;
			buildActionMask = 2147483647;
			files = (
				7A7F64672560305B008B33C6 /* Assets.xcassets in Resources */,
			);
			runOnlyForDeploymentPostprocessing = 0;
		};
		7A7F64472560305B008B33C6 /* Resources */ = {
			isa = PBXResourcesBuildPhase;
			buildActionMask = 2147483647;
			files = (
				7A7F64682560305B008B33C6 /* Assets.xcassets in Resources */,
			);
			runOnlyForDeploymentPostprocessing = 0;
		};
		7A7F644F2560305B008B33C6 /* Resources */ = {
			isa = PBXResourcesBuildPhase;
			buildActionMask = 2147483647;
			files = (
			);
			runOnlyForDeploymentPostprocessing = 0;
		};
		7A7F645A2560305B008B33C6 /* Resources */ = {
			isa = PBXResourcesBuildPhase;
			buildActionMask = 2147483647;
			files = (
			);
			runOnlyForDeploymentPostprocessing = 0;
		};
		7A7F659025618087008B33C6 /* Resources */ = {
			isa = PBXResourcesBuildPhase;
			buildActionMask = 2147483647;
			files = (
				7A7F659C25618088008B33C6 /* Preview Assets.xcassets in Resources */,
				7A7F659925618088008B33C6 /* Assets.xcassets in Resources */,
			);
			runOnlyForDeploymentPostprocessing = 0;
		};
		7A9D39B8256A104D0090AD5F /* Resources */ = {
			isa = PBXResourcesBuildPhase;
			buildActionMask = 2147483647;
			files = (
			);
			runOnlyForDeploymentPostprocessing = 0;
		};
/* End PBXResourcesBuildPhase section */

/* Begin PBXShellScriptBuildPhase section */
		7AA7AB5F259ECF120089567F /* Carthage */ = {
			isa = PBXShellScriptBuildPhase;
			buildActionMask = 2147483647;
			files = (
			);
			inputFileListPaths = (
			);
			inputPaths = (
			);
			name = Carthage;
			outputFileListPaths = (
			);
			outputPaths = (
			);
			runOnlyForDeploymentPostprocessing = 0;
			shellPath = /bin/sh;
			shellScript = "if which carthage >/dev/null; then\n  carthage outdated --xcode-warnings 2>/dev/null\nelse\n  echo \"warning: Carthage not installed\"\nfi\n";
		};
		7ADA268C25636E9F00A03CBE /* SwiftFormat */ = {
			isa = PBXShellScriptBuildPhase;
			buildActionMask = 2147483647;
			files = (
			);
			inputFileListPaths = (
			);
			inputPaths = (
			);
			name = SwiftFormat;
			outputFileListPaths = (
			);
			outputPaths = (
			);
			runOnlyForDeploymentPostprocessing = 0;
			shellPath = /bin/sh;
			shellScript = "if which swiftformat >/dev/null; then\n  swiftformat .\nelse\n  echo \"warning: SwiftFormat not installed, download from https://github.com/nicklockwood/SwiftFormat\"\nfi\n";
		};
		7ADA268D25636EBB00A03CBE /* SwiftFormat */ = {
			isa = PBXShellScriptBuildPhase;
			buildActionMask = 2147483647;
			files = (
			);
			inputFileListPaths = (
			);
			inputPaths = (
			);
			name = SwiftFormat;
			outputFileListPaths = (
			);
			outputPaths = (
			);
			runOnlyForDeploymentPostprocessing = 0;
			shellPath = /bin/sh;
			shellScript = "if which swiftformat >/dev/null; then\n  swiftformat .\nelse\n  echo \"warning: SwiftFormat not installed, download from https://github.com/nicklockwood/SwiftFormat\"\nfi\n";
		};
		7ADA268E25636EC800A03CBE /* SwiftFormat */ = {
			isa = PBXShellScriptBuildPhase;
			buildActionMask = 2147483647;
			files = (
			);
			inputFileListPaths = (
			);
			inputPaths = (
			);
			name = SwiftFormat;
			outputFileListPaths = (
			);
			outputPaths = (
			);
			runOnlyForDeploymentPostprocessing = 0;
			shellPath = /bin/sh;
			shellScript = "if which swiftformat >/dev/null; then\n  swiftformat .\nelse\n  echo \"warning: SwiftFormat not installed, download from https://github.com/nicklockwood/SwiftFormat\"\nfi\n";
		};
/* End PBXShellScriptBuildPhase section */

/* Begin PBXSourcesBuildPhase section */
		7A7F643D2560305B008B33C6 /* Sources */ = {
			isa = PBXSourcesBuildPhase;
			buildActionMask = 2147483647;
			files = (
				7A7F64D725603142008B33C6 /* SwitcherButton.swift in Sources */,
				7A7F652D25603169008B33C6 /* ConnectionStatusIndicator.swift in Sources */,
				7A7F64EE2560314E008B33C6 /* PresetView.swift in Sources */,
				7ADA267F2563575A00A03CBE /* defaultsKey.swift in Sources */,
				7A7F64EA2560314D008B33C6 /* PresetEditView.swift in Sources */,
				7AA8681225769EC500AA7B6E /* Tracking.swift in Sources */,
				7A7F64F525603158008B33C6 /* ErrorReporter.swift in Sources */,
				7A7F651F2560315F008B33C6 /* PanTiltDirectionShape.swift in Sources */,
				7A7F64A925603101008B33C6 /* Angle+Additions.swift in Sources */,
				7A7F65212560315F008B33C6 /* PanTiltButton.swift in Sources */,
				7A7F651B2560315F008B33C6 /* PanTiltThumb.swift in Sources */,
				7A8ABC072566CA3F00617A70 /* Data+ExpressibleByArrayLiteral.swift in Sources */,
				7A7F65812560E052008B33C6 /* VISCAVersion.swift in Sources */,
				7A6D840E2568A1FC00731653 /* VISCAFocusMode.swift in Sources */,
				7AA867C52575FC6600AA7B6E /* Logger+Helpers.swift in Sources */,
				7ABBA6F2256E163A001B4967 /* RemoveCameraButton.swift in Sources */,
				7A7F64B72560311E008B33C6 /* Uncancellable.swift in Sources */,
				7A7F647F25603092008B33C6 /* PresetConfig.swift in Sources */,
				7ADA26A325638A1F00A03CBE /* NavigationSelection.swift in Sources */,
				7A7F64E82560314D008B33C6 /* PresetColorPicker.swift in Sources */,
				7A7F64C225603134008B33C6 /* Column.swift in Sources */,
				7A7F64E62560314D008B33C6 /* PresetsView.swift in Sources */,
				7A7F648325603092008B33C6 /* Camera.swift in Sources */,
				7A7F653125603169008B33C6 /* CameraNavigationRow.swift in Sources */,
				7A8ABBF725661D8700617A70 /* VISCACommand.swift in Sources */,
				7A7F64B025603119008B33C6 /* ReplaySubject.swift in Sources */,
				7A7F6490256030C3008B33C6 /* PTZDirection.swift in Sources */,
				7A7F64EC2560314D008B33C6 /* ConnectionPresetsRow.swift in Sources */,
				7A7F65232560315F008B33C6 /* CameraContentView.swift in Sources */,
				7A8ABBE22566105100617A70 /* ToggleButton.swift in Sources */,
				7AAF43BE2565E19800C82EC3 /* Slider+Int.swift in Sources */,
				7A7F65D32561DD2F008B33C6 /* Data+Helpers.swift in Sources */,
				7A7F652F25603169008B33C6 /* NavigationList.swift in Sources */,
				7A7F656C2560CA5E008B33C6 /* NWConnection+Combine.swift in Sources */,
				7A7F65732560CA88008B33C6 /* VISCAConnection.swift in Sources */,
				7A7F649B256030F1008B33C6 /* Formatters.swift in Sources */,
				7A9D3A15256B6F550090AD5F /* DirectionButton.swift in Sources */,
				7A7F65192560315F008B33C6 /* ZoomControl.swift in Sources */,
				7A7F64652560305B008B33C6 /* ContentView.swift in Sources */,
				7A7F65882560E968008B33C6 /* await.swift in Sources */,
				7A7F65112560315F008B33C6 /* PanTiltRelativeControl.swift in Sources */,
				7A7F65152560315F008B33C6 /* PanTiltSeparators.swift in Sources */,
				7A7B5EFD2574975400E6EF0C /* EditPresetButton.swift in Sources */,
				7A7F655D25603677008B33C6 /* AddCameraButton.swift in Sources */,
				7A7F650F2560315F008B33C6 /* CameraSettingsView.swift in Sources */,
				7A7F65172560315F008B33C6 /* CameraPTZControlTab.swift in Sources */,
				7A7F650D2560315F008B33C6 /* CameraSettingsButton.swift in Sources */,
				7ADE9856257465F100227332 /* Errors.swift in Sources */,
				7A7F648125603092008B33C6 /* CameraManager.swift in Sources */,
				7A7F6492256030C3008B33C6 /* VISCAPreset.swift in Sources */,
				7A8ABBEF256612B800617A70 /* Binding+Helpers.swift in Sources */,
				7A7F64C825603134008B33C6 /* acceptsFirstMouse.swift in Sources */,
				7A7F651D2560315F008B33C6 /* PanTiltControl.swift in Sources */,
				7A7F650B2560315F008B33C6 /* CameraDetail.swift in Sources */,
				7A7F64632560305B008B33C6 /* CameraDashboardApp.swift in Sources */,
				7A7F65132560315F008B33C6 /* FocusControl.swift in Sources */,
				7A7F64E42560314D008B33C6 /* PresetColorControl.swift in Sources */,
				7A7F648E256030C3008B33C6 /* VISCAClient.swift in Sources */,
				7A7F64C625603134008B33C6 /* ErrorAlert.swift in Sources */,
				7A9D39D7256B21120090AD5F /* CameraPresetsGrid.swift in Sources */,
				7A8ABBFF2566C86E00617A70 /* VISCAInquiry.swift in Sources */,
				7A7F64A2256030F9008B33C6 /* IntegerFormatting.swift in Sources */,
				7ADA269B2563728000A03CBE /* NSWindowInspector.swift in Sources */,
				7ABBA6E9256E1610001B4967 /* View+Extend.swift in Sources */,
				7A7F657A2560CAA9008B33C6 /* VISCAPool.swift in Sources */,
			);
			runOnlyForDeploymentPostprocessing = 0;
		};
		7A7F64452560305B008B33C6 /* Sources */ = {
			isa = PBXSourcesBuildPhase;
			buildActionMask = 2147483647;
			files = (
				7A7F64D825603142008B33C6 /* SwitcherButton.swift in Sources */,
				7A7F652E25603169008B33C6 /* ConnectionStatusIndicator.swift in Sources */,
				7A7F64EF2560314E008B33C6 /* PresetView.swift in Sources */,
				7ADA26802563575A00A03CBE /* defaultsKey.swift in Sources */,
				7A7F64EB2560314D008B33C6 /* PresetEditView.swift in Sources */,
				7AA8681325769EC500AA7B6E /* Tracking.swift in Sources */,
				7A7F64F625603158008B33C6 /* ErrorReporter.swift in Sources */,
				7A7F65202560315F008B33C6 /* PanTiltDirectionShape.swift in Sources */,
				7A7F64AA25603101008B33C6 /* Angle+Additions.swift in Sources */,
				7A7F65222560315F008B33C6 /* PanTiltButton.swift in Sources */,
				7A7F651C2560315F008B33C6 /* PanTiltThumb.swift in Sources */,
				7A8ABC082566CA3F00617A70 /* Data+ExpressibleByArrayLiteral.swift in Sources */,
				7A7F65822560E052008B33C6 /* VISCAVersion.swift in Sources */,
				7A6D840F2568A1FC00731653 /* VISCAFocusMode.swift in Sources */,
				7AA867C62575FC6600AA7B6E /* Logger+Helpers.swift in Sources */,
				7ABBA6F3256E163A001B4967 /* RemoveCameraButton.swift in Sources */,
				7A7F64B82560311E008B33C6 /* Uncancellable.swift in Sources */,
				7A7F648025603092008B33C6 /* PresetConfig.swift in Sources */,
				7ADA26A425638A1F00A03CBE /* NavigationSelection.swift in Sources */,
				7A7F64E92560314D008B33C6 /* PresetColorPicker.swift in Sources */,
				7A7F64C325603134008B33C6 /* Column.swift in Sources */,
				7A7F64E72560314D008B33C6 /* PresetsView.swift in Sources */,
				7A7F648425603092008B33C6 /* Camera.swift in Sources */,
				7A7F653225603169008B33C6 /* CameraNavigationRow.swift in Sources */,
				7A8ABBF825661D8700617A70 /* VISCACommand.swift in Sources */,
				7A7F64B125603119008B33C6 /* ReplaySubject.swift in Sources */,
				7A7F6491256030C3008B33C6 /* PTZDirection.swift in Sources */,
				7A7F64ED2560314E008B33C6 /* ConnectionPresetsRow.swift in Sources */,
				7A7F65242560315F008B33C6 /* CameraContentView.swift in Sources */,
				7A8ABBE32566105100617A70 /* ToggleButton.swift in Sources */,
				7AAF43BF2565E19800C82EC3 /* Slider+Int.swift in Sources */,
				7A7F65CD2561DD2E008B33C6 /* Data+Helpers.swift in Sources */,
				7A7F653025603169008B33C6 /* NavigationList.swift in Sources */,
				7A7F656D2560CA5E008B33C6 /* NWConnection+Combine.swift in Sources */,
				7A7F65742560CA88008B33C6 /* VISCAConnection.swift in Sources */,
				7A7F649C256030F1008B33C6 /* Formatters.swift in Sources */,
				7A9D3A16256B6F550090AD5F /* DirectionButton.swift in Sources */,
				7A7F651A2560315F008B33C6 /* ZoomControl.swift in Sources */,
				7A7F64662560305B008B33C6 /* ContentView.swift in Sources */,
				7A7F65892560E968008B33C6 /* await.swift in Sources */,
				7A7F65122560315F008B33C6 /* PanTiltRelativeControl.swift in Sources */,
				7A7F65162560315F008B33C6 /* PanTiltSeparators.swift in Sources */,
				7A7B5EFE2574975400E6EF0C /* EditPresetButton.swift in Sources */,
				7A7F655E25603677008B33C6 /* AddCameraButton.swift in Sources */,
				7A7F65102560315F008B33C6 /* CameraSettingsView.swift in Sources */,
				7A7F65182560315F008B33C6 /* CameraPTZControlTab.swift in Sources */,
				7A7F650E2560315F008B33C6 /* CameraSettingsButton.swift in Sources */,
				7ADE9857257465F100227332 /* Errors.swift in Sources */,
				7A7F648225603092008B33C6 /* CameraManager.swift in Sources */,
				7A7F6493256030C3008B33C6 /* VISCAPreset.swift in Sources */,
				7A8ABBF0256612B800617A70 /* Binding+Helpers.swift in Sources */,
				7A7F64C925603134008B33C6 /* acceptsFirstMouse.swift in Sources */,
				7A7F651E2560315F008B33C6 /* PanTiltControl.swift in Sources */,
				7A7F650C2560315F008B33C6 /* CameraDetail.swift in Sources */,
				7A7F64642560305B008B33C6 /* CameraDashboardApp.swift in Sources */,
				7A7F65142560315F008B33C6 /* FocusControl.swift in Sources */,
				7A7F64E52560314D008B33C6 /* PresetColorControl.swift in Sources */,
				7A7F648F256030C3008B33C6 /* VISCAClient.swift in Sources */,
				7A7F64C725603134008B33C6 /* ErrorAlert.swift in Sources */,
				7A9D39D8256B21120090AD5F /* CameraPresetsGrid.swift in Sources */,
				7AA7AB8E259ED3F90089567F /* NSApplicationDelegate.swift in Sources */,
				7A8ABC002566C86E00617A70 /* VISCAInquiry.swift in Sources */,
				7A7F64A3256030F9008B33C6 /* IntegerFormatting.swift in Sources */,
				7ADA269C2563728000A03CBE /* NSWindowInspector.swift in Sources */,
				7ABBA6EA256E1610001B4967 /* View+Extend.swift in Sources */,
				7A7F657B2560CAA9008B33C6 /* VISCAPool.swift in Sources */,
			);
			runOnlyForDeploymentPostprocessing = 0;
		};
		7A7F644D2560305B008B33C6 /* Sources */ = {
			isa = PBXSourcesBuildPhase;
			buildActionMask = 2147483647;
			files = (
				7A7F64562560305B008B33C6 /* Tests_iOS.swift in Sources */,
			);
			runOnlyForDeploymentPostprocessing = 0;
		};
		7A7F64582560305B008B33C6 /* Sources */ = {
			isa = PBXSourcesBuildPhase;
			buildActionMask = 2147483647;
			files = (
				7A7F64612560305B008B33C6 /* Tests_macOS.swift in Sources */,
			);
			runOnlyForDeploymentPostprocessing = 0;
		};
		7A7F658E25618087008B33C6 /* Sources */ = {
			isa = PBXSourcesBuildPhase;
			buildActionMask = 2147483647;
			files = (
				7A9D3A26256B75D60090AD5F /* PropertyControl.swift in Sources */,
				7A7F65A9256180E2008B33C6 /* VISCAServer.swift in Sources */,
				7A7F659725618087008B33C6 /* ContentView.swift in Sources */,
				7A7F659525618087008B33C6 /* VISCASimulatorApp.swift in Sources */,
				7A7F65C72561DD2B008B33C6 /* Data+Helpers.swift in Sources */,
				7A7F65B5256180F1008B33C6 /* VISCAServerConnection.swift in Sources */,
				7AA867CE257693E400AA7B6E /* ConnectionRow.swift in Sources */,
				7A7F65DA2561F69B008B33C6 /* Camera.swift in Sources */,
				7A9D3A1E256B75AD0090AD5F /* FocusControl.swift in Sources */,
				7A7F65C02561C7F2008B33C6 /* IntegerFormatting.swift in Sources */,
				7AAF43CA2565F63500C82EC3 /* Slider+Int.swift in Sources */,
			);
			runOnlyForDeploymentPostprocessing = 0;
		};
		7A9D39B6256A104D0090AD5F /* Sources */ = {
			isa = PBXSourcesBuildPhase;
			buildActionMask = 2147483647;
			files = (
				7A9D39BD256A104D0090AD5F /* DataLoadingTests.swift in Sources */,
			);
			runOnlyForDeploymentPostprocessing = 0;
		};
/* End PBXSourcesBuildPhase section */

/* Begin PBXTargetDependency section */
		7A7F64532560305B008B33C6 /* PBXTargetDependency */ = {
			isa = PBXTargetDependency;
			target = 7A7F64402560305B008B33C6 /* CameraDashboard (iOS) */;
			targetProxy = 7A7F64522560305B008B33C6 /* PBXContainerItemProxy */;
		};
		7A7F645E2560305B008B33C6 /* PBXTargetDependency */ = {
			isa = PBXTargetDependency;
			target = 7A7F64482560305B008B33C6 /* CameraDashboard (macOS) */;
			targetProxy = 7A7F645D2560305B008B33C6 /* PBXContainerItemProxy */;
		};
		7A9D39C0256A104D0090AD5F /* PBXTargetDependency */ = {
			isa = PBXTargetDependency;
			target = 7A7F64482560305B008B33C6 /* CameraDashboard (macOS) */;
			targetProxy = 7A9D39BF256A104D0090AD5F /* PBXContainerItemProxy */;
		};
/* End PBXTargetDependency section */

/* Begin XCBuildConfiguration section */
		7A7F64692560305B008B33C6 /* Debug */ = {
			isa = XCBuildConfiguration;
			buildSettings = {
				ALWAYS_SEARCH_USER_PATHS = NO;
				CLANG_ANALYZER_NONNULL = YES;
				CLANG_ANALYZER_NUMBER_OBJECT_CONVERSION = YES_AGGRESSIVE;
				CLANG_CXX_LANGUAGE_STANDARD = "gnu++14";
				CLANG_CXX_LIBRARY = "libc++";
				CLANG_ENABLE_MODULES = YES;
				CLANG_ENABLE_OBJC_ARC = YES;
				CLANG_ENABLE_OBJC_WEAK = YES;
				CLANG_WARN_BLOCK_CAPTURE_AUTORELEASING = YES;
				CLANG_WARN_BOOL_CONVERSION = YES;
				CLANG_WARN_COMMA = YES;
				CLANG_WARN_CONSTANT_CONVERSION = YES;
				CLANG_WARN_DEPRECATED_OBJC_IMPLEMENTATIONS = YES;
				CLANG_WARN_DIRECT_OBJC_ISA_USAGE = YES_ERROR;
				CLANG_WARN_DOCUMENTATION_COMMENTS = YES;
				CLANG_WARN_EMPTY_BODY = YES;
				CLANG_WARN_ENUM_CONVERSION = YES;
				CLANG_WARN_INFINITE_RECURSION = YES;
				CLANG_WARN_INT_CONVERSION = YES;
				CLANG_WARN_NON_LITERAL_NULL_CONVERSION = YES;
				CLANG_WARN_OBJC_IMPLICIT_RETAIN_SELF = YES;
				CLANG_WARN_OBJC_LITERAL_CONVERSION = YES;
				CLANG_WARN_OBJC_ROOT_CLASS = YES_ERROR;
				CLANG_WARN_QUOTED_INCLUDE_IN_FRAMEWORK_HEADER = YES;
				CLANG_WARN_RANGE_LOOP_ANALYSIS = YES;
				CLANG_WARN_STRICT_PROTOTYPES = YES;
				CLANG_WARN_SUSPICIOUS_MOVE = YES;
				CLANG_WARN_UNGUARDED_AVAILABILITY = YES_AGGRESSIVE;
				CLANG_WARN_UNREACHABLE_CODE = YES;
				CLANG_WARN__DUPLICATE_METHOD_MATCH = YES;
				COPY_PHASE_STRIP = NO;
				DEBUG_INFORMATION_FORMAT = dwarf;
				ENABLE_STRICT_OBJC_MSGSEND = YES;
				ENABLE_TESTABILITY = YES;
				GCC_C_LANGUAGE_STANDARD = gnu11;
				GCC_DYNAMIC_NO_PIC = NO;
				GCC_NO_COMMON_BLOCKS = YES;
				GCC_OPTIMIZATION_LEVEL = 0;
				GCC_PREPROCESSOR_DEFINITIONS = (
					"DEBUG=1",
					"$(inherited)",
				);
				GCC_WARN_64_TO_32_BIT_CONVERSION = YES;
				GCC_WARN_ABOUT_RETURN_TYPE = YES_ERROR;
				GCC_WARN_UNDECLARED_SELECTOR = YES;
				GCC_WARN_UNINITIALIZED_AUTOS = YES_AGGRESSIVE;
				GCC_WARN_UNUSED_FUNCTION = YES;
				GCC_WARN_UNUSED_VARIABLE = YES;
				MTL_ENABLE_DEBUG_INFO = INCLUDE_SOURCE;
				MTL_FAST_MATH = YES;
				ONLY_ACTIVE_ARCH = YES;
				SWIFT_ACTIVE_COMPILATION_CONDITIONS = DEBUG;
				SWIFT_OPTIMIZATION_LEVEL = "-Onone";
			};
			name = Debug;
		};
		7A7F646A2560305B008B33C6 /* Release */ = {
			isa = XCBuildConfiguration;
			buildSettings = {
				ALWAYS_SEARCH_USER_PATHS = NO;
				CLANG_ANALYZER_NONNULL = YES;
				CLANG_ANALYZER_NUMBER_OBJECT_CONVERSION = YES_AGGRESSIVE;
				CLANG_CXX_LANGUAGE_STANDARD = "gnu++14";
				CLANG_CXX_LIBRARY = "libc++";
				CLANG_ENABLE_MODULES = YES;
				CLANG_ENABLE_OBJC_ARC = YES;
				CLANG_ENABLE_OBJC_WEAK = YES;
				CLANG_WARN_BLOCK_CAPTURE_AUTORELEASING = YES;
				CLANG_WARN_BOOL_CONVERSION = YES;
				CLANG_WARN_COMMA = YES;
				CLANG_WARN_CONSTANT_CONVERSION = YES;
				CLANG_WARN_DEPRECATED_OBJC_IMPLEMENTATIONS = YES;
				CLANG_WARN_DIRECT_OBJC_ISA_USAGE = YES_ERROR;
				CLANG_WARN_DOCUMENTATION_COMMENTS = YES;
				CLANG_WARN_EMPTY_BODY = YES;
				CLANG_WARN_ENUM_CONVERSION = YES;
				CLANG_WARN_INFINITE_RECURSION = YES;
				CLANG_WARN_INT_CONVERSION = YES;
				CLANG_WARN_NON_LITERAL_NULL_CONVERSION = YES;
				CLANG_WARN_OBJC_IMPLICIT_RETAIN_SELF = YES;
				CLANG_WARN_OBJC_LITERAL_CONVERSION = YES;
				CLANG_WARN_OBJC_ROOT_CLASS = YES_ERROR;
				CLANG_WARN_QUOTED_INCLUDE_IN_FRAMEWORK_HEADER = YES;
				CLANG_WARN_RANGE_LOOP_ANALYSIS = YES;
				CLANG_WARN_STRICT_PROTOTYPES = YES;
				CLANG_WARN_SUSPICIOUS_MOVE = YES;
				CLANG_WARN_UNGUARDED_AVAILABILITY = YES_AGGRESSIVE;
				CLANG_WARN_UNREACHABLE_CODE = YES;
				CLANG_WARN__DUPLICATE_METHOD_MATCH = YES;
				COPY_PHASE_STRIP = NO;
				DEBUG_INFORMATION_FORMAT = "dwarf-with-dsym";
				ENABLE_NS_ASSERTIONS = NO;
				ENABLE_STRICT_OBJC_MSGSEND = YES;
				GCC_C_LANGUAGE_STANDARD = gnu11;
				GCC_NO_COMMON_BLOCKS = YES;
				GCC_WARN_64_TO_32_BIT_CONVERSION = YES;
				GCC_WARN_ABOUT_RETURN_TYPE = YES_ERROR;
				GCC_WARN_UNDECLARED_SELECTOR = YES;
				GCC_WARN_UNINITIALIZED_AUTOS = YES_AGGRESSIVE;
				GCC_WARN_UNUSED_FUNCTION = YES;
				GCC_WARN_UNUSED_VARIABLE = YES;
				MTL_ENABLE_DEBUG_INFO = NO;
				MTL_FAST_MATH = YES;
				SWIFT_COMPILATION_MODE = wholemodule;
				SWIFT_OPTIMIZATION_LEVEL = "-O";
			};
			name = Release;
		};
		7A7F646C2560305B008B33C6 /* Debug */ = {
			isa = XCBuildConfiguration;
			buildSettings = {
				ASSETCATALOG_COMPILER_APPICON_NAME = AppIcon;
				ASSETCATALOG_COMPILER_GLOBAL_ACCENT_COLOR_NAME = AccentColor;
				CODE_SIGN_STYLE = Automatic;
				CURRENT_PROJECT_VERSION = 2;
				DEVELOPMENT_TEAM = 7TR2B85D62;
				ENABLE_PREVIEWS = YES;
				INFOPLIST_FILE = iOS/Info.plist;
				IPHONEOS_DEPLOYMENT_TARGET = 14.0;
				LD_RUNPATH_SEARCH_PATHS = (
					"$(inherited)",
					"@executable_path/Frameworks",
				);
				MARKETING_VERSION = 1.1.0;
				PRODUCT_BUNDLE_IDENTIFIER = co.davidbeck.CameraDashboard;
				PRODUCT_NAME = CameraDashboard;
				SDKROOT = iphoneos;
				SWIFT_VERSION = 5.0;
				TARGETED_DEVICE_FAMILY = "1,2";
			};
			name = Debug;
		};
		7A7F646D2560305B008B33C6 /* Release */ = {
			isa = XCBuildConfiguration;
			buildSettings = {
				ASSETCATALOG_COMPILER_APPICON_NAME = AppIcon;
				ASSETCATALOG_COMPILER_GLOBAL_ACCENT_COLOR_NAME = AccentColor;
				CODE_SIGN_STYLE = Automatic;
				CURRENT_PROJECT_VERSION = 2;
				DEVELOPMENT_TEAM = 7TR2B85D62;
				ENABLE_PREVIEWS = YES;
				INFOPLIST_FILE = iOS/Info.plist;
				IPHONEOS_DEPLOYMENT_TARGET = 14.0;
				LD_RUNPATH_SEARCH_PATHS = (
					"$(inherited)",
					"@executable_path/Frameworks",
				);
				MARKETING_VERSION = 1.1.0;
				PRODUCT_BUNDLE_IDENTIFIER = co.davidbeck.CameraDashboard;
				PRODUCT_NAME = CameraDashboard;
				SDKROOT = iphoneos;
				SWIFT_VERSION = 5.0;
				TARGETED_DEVICE_FAMILY = "1,2";
				VALIDATE_PRODUCT = YES;
			};
			name = Release;
		};
		7A7F646F2560305B008B33C6 /* Debug */ = {
			isa = XCBuildConfiguration;
			buildSettings = {
				ASSETCATALOG_COMPILER_APPICON_NAME = AppIcon;
				ASSETCATALOG_COMPILER_GLOBAL_ACCENT_COLOR_NAME = AccentColor;
				CODE_SIGN_ENTITLEMENTS = macOS/macOS.entitlements;
				CODE_SIGN_STYLE = Automatic;
				COMBINE_HIDPI_IMAGES = YES;
				CURRENT_PROJECT_VERSION = 4;
				DEVELOPMENT_TEAM = 7TR2B85D62;
				ENABLE_HARDENED_RUNTIME = YES;
				ENABLE_PREVIEWS = YES;
				FRAMEWORK_SEARCH_PATHS = (
					"$(inherited)",
					"$(PROJECT_DIR)",
					"$(PROJECT_DIR)/Carthage/Build/Mac",
				);
				INFOPLIST_FILE = macOS/Info.plist;
				LD_RUNPATH_SEARCH_PATHS = (
					"$(inherited)",
					"@executable_path/../Frameworks",
					"@loader_path/../Frameworks",
				);
				MACOSX_DEPLOYMENT_TARGET = 11.0;
				MARKETING_VERSION = 0.2.0;
				PRODUCT_BUNDLE_IDENTIFIER = co.davidbeck.CameraDashboard;
				PRODUCT_NAME = "Camera Dashboard";
				SDKROOT = macosx;
				SWIFT_VERSION = 5.0;
			};
			name = Debug;
		};
		7A7F64702560305B008B33C6 /* Release */ = {
			isa = XCBuildConfiguration;
			buildSettings = {
				ASSETCATALOG_COMPILER_APPICON_NAME = AppIcon;
				ASSETCATALOG_COMPILER_GLOBAL_ACCENT_COLOR_NAME = AccentColor;
				CODE_SIGN_ENTITLEMENTS = macOS/macOS.entitlements;
				CODE_SIGN_STYLE = Automatic;
				COMBINE_HIDPI_IMAGES = YES;
				CURRENT_PROJECT_VERSION = 4;
				DEVELOPMENT_TEAM = 7TR2B85D62;
				ENABLE_HARDENED_RUNTIME = YES;
				ENABLE_PREVIEWS = YES;
				FRAMEWORK_SEARCH_PATHS = (
					"$(inherited)",
					"$(PROJECT_DIR)",
					"$(PROJECT_DIR)/Carthage/Build/Mac",
				);
				INFOPLIST_FILE = macOS/Info.plist;
				LD_RUNPATH_SEARCH_PATHS = (
					"$(inherited)",
					"@executable_path/../Frameworks",
					"@loader_path/../Frameworks",
				);
				MACOSX_DEPLOYMENT_TARGET = 11.0;
				MARKETING_VERSION = 0.2.0;
				PRODUCT_BUNDLE_IDENTIFIER = co.davidbeck.CameraDashboard;
				PRODUCT_NAME = "Camera Dashboard";
				SDKROOT = macosx;
				SWIFT_VERSION = 5.0;
			};
			name = Release;
		};
		7A7F64722560305B008B33C6 /* Debug */ = {
			isa = XCBuildConfiguration;
			buildSettings = {
				ALWAYS_EMBED_SWIFT_STANDARD_LIBRARIES = YES;
				CODE_SIGN_STYLE = Automatic;
				DEVELOPMENT_TEAM = 7TR2B85D62;
				INFOPLIST_FILE = "Tests iOS/Info.plist";
				IPHONEOS_DEPLOYMENT_TARGET = 14.0;
				LD_RUNPATH_SEARCH_PATHS = (
					"$(inherited)",
					"@executable_path/Frameworks",
					"@loader_path/Frameworks",
				);
				PRODUCT_BUNDLE_IDENTIFIER = "co.davidbeck.Tests-iOS";
				PRODUCT_NAME = "$(TARGET_NAME)";
				SDKROOT = iphoneos;
				SWIFT_VERSION = 5.0;
				TARGETED_DEVICE_FAMILY = "1,2";
				TEST_TARGET_NAME = "CameraDashboard (iOS)";
			};
			name = Debug;
		};
		7A7F64732560305B008B33C6 /* Release */ = {
			isa = XCBuildConfiguration;
			buildSettings = {
				ALWAYS_EMBED_SWIFT_STANDARD_LIBRARIES = YES;
				CODE_SIGN_STYLE = Automatic;
				DEVELOPMENT_TEAM = 7TR2B85D62;
				INFOPLIST_FILE = "Tests iOS/Info.plist";
				IPHONEOS_DEPLOYMENT_TARGET = 14.0;
				LD_RUNPATH_SEARCH_PATHS = (
					"$(inherited)",
					"@executable_path/Frameworks",
					"@loader_path/Frameworks",
				);
				PRODUCT_BUNDLE_IDENTIFIER = "co.davidbeck.Tests-iOS";
				PRODUCT_NAME = "$(TARGET_NAME)";
				SDKROOT = iphoneos;
				SWIFT_VERSION = 5.0;
				TARGETED_DEVICE_FAMILY = "1,2";
				TEST_TARGET_NAME = "CameraDashboard (iOS)";
				VALIDATE_PRODUCT = YES;
			};
			name = Release;
		};
		7A7F64752560305B008B33C6 /* Debug */ = {
			isa = XCBuildConfiguration;
			buildSettings = {
				ALWAYS_EMBED_SWIFT_STANDARD_LIBRARIES = YES;
				CODE_SIGN_STYLE = Automatic;
				COMBINE_HIDPI_IMAGES = YES;
				DEVELOPMENT_TEAM = 7TR2B85D62;
				INFOPLIST_FILE = "Tests macOS/Info.plist";
				LD_RUNPATH_SEARCH_PATHS = (
					"$(inherited)",
					"@executable_path/../Frameworks",
					"@loader_path/../Frameworks",
				);
				MACOSX_DEPLOYMENT_TARGET = 11.0;
				PRODUCT_BUNDLE_IDENTIFIER = "co.davidbeck.Tests-macOS";
				PRODUCT_NAME = "$(TARGET_NAME)";
				SDKROOT = macosx;
				SWIFT_VERSION = 5.0;
				TEST_TARGET_NAME = "CameraDashboard (macOS)";
			};
			name = Debug;
		};
		7A7F64762560305B008B33C6 /* Release */ = {
			isa = XCBuildConfiguration;
			buildSettings = {
				ALWAYS_EMBED_SWIFT_STANDARD_LIBRARIES = YES;
				CODE_SIGN_STYLE = Automatic;
				COMBINE_HIDPI_IMAGES = YES;
				DEVELOPMENT_TEAM = 7TR2B85D62;
				INFOPLIST_FILE = "Tests macOS/Info.plist";
				LD_RUNPATH_SEARCH_PATHS = (
					"$(inherited)",
					"@executable_path/../Frameworks",
					"@loader_path/../Frameworks",
				);
				MACOSX_DEPLOYMENT_TARGET = 11.0;
				PRODUCT_BUNDLE_IDENTIFIER = "co.davidbeck.Tests-macOS";
				PRODUCT_NAME = "$(TARGET_NAME)";
				SDKROOT = macosx;
				SWIFT_VERSION = 5.0;
				TEST_TARGET_NAME = "CameraDashboard (macOS)";
			};
			name = Release;
		};
		7A7F65A025618088008B33C6 /* Debug */ = {
			isa = XCBuildConfiguration;
			buildSettings = {
				ASSETCATALOG_COMPILER_APPICON_NAME = AppIcon;
				ASSETCATALOG_COMPILER_GLOBAL_ACCENT_COLOR_NAME = AccentColor;
				CODE_SIGN_ENTITLEMENTS = VISCASimulator/VISCASimulator.entitlements;
				CODE_SIGN_STYLE = Automatic;
				COMBINE_HIDPI_IMAGES = YES;
				DEVELOPMENT_ASSET_PATHS = "\"VISCASimulator/Preview Content\"";
				DEVELOPMENT_TEAM = 7TR2B85D62;
				ENABLE_HARDENED_RUNTIME = YES;
				ENABLE_PREVIEWS = YES;
				INFOPLIST_FILE = VISCASimulator/Info.plist;
				LD_RUNPATH_SEARCH_PATHS = (
					"$(inherited)",
					"@executable_path/../Frameworks",
				);
				MACOSX_DEPLOYMENT_TARGET = 11.0;
				PRODUCT_BUNDLE_IDENTIFIER = co.davidbeck.VISCASimulator;
				PRODUCT_NAME = "$(TARGET_NAME)";
				SDKROOT = macosx;
				SWIFT_VERSION = 5.0;
			};
			name = Debug;
		};
		7A7F65A125618088008B33C6 /* Release */ = {
			isa = XCBuildConfiguration;
			buildSettings = {
				ASSETCATALOG_COMPILER_APPICON_NAME = AppIcon;
				ASSETCATALOG_COMPILER_GLOBAL_ACCENT_COLOR_NAME = AccentColor;
				CODE_SIGN_ENTITLEMENTS = VISCASimulator/VISCASimulator.entitlements;
				CODE_SIGN_STYLE = Automatic;
				COMBINE_HIDPI_IMAGES = YES;
				DEVELOPMENT_ASSET_PATHS = "\"VISCASimulator/Preview Content\"";
				DEVELOPMENT_TEAM = 7TR2B85D62;
				ENABLE_HARDENED_RUNTIME = YES;
				ENABLE_PREVIEWS = YES;
				INFOPLIST_FILE = VISCASimulator/Info.plist;
				LD_RUNPATH_SEARCH_PATHS = (
					"$(inherited)",
					"@executable_path/../Frameworks",
				);
				MACOSX_DEPLOYMENT_TARGET = 11.0;
				PRODUCT_BUNDLE_IDENTIFIER = co.davidbeck.VISCASimulator;
				PRODUCT_NAME = "$(TARGET_NAME)";
				SDKROOT = macosx;
				SWIFT_VERSION = 5.0;
			};
			name = Release;
		};
		7A9D39C1256A104D0090AD5F /* Debug */ = {
			isa = XCBuildConfiguration;
			buildSettings = {
				BUNDLE_LOADER = "$(TEST_HOST)";
				CODE_SIGN_STYLE = Automatic;
				COMBINE_HIDPI_IMAGES = YES;
				DEVELOPMENT_TEAM = 7TR2B85D62;
				INFOPLIST_FILE = CameraDashboardTests/Info.plist;
				LD_RUNPATH_SEARCH_PATHS = (
					"$(inherited)",
					"@executable_path/../Frameworks",
					"@loader_path/../Frameworks",
				);
				MACOSX_DEPLOYMENT_TARGET = 11.0;
				PRODUCT_BUNDLE_IDENTIFIER = co.davidbeck.CameraDashboardTests;
				PRODUCT_NAME = "$(TARGET_NAME)";
				SDKROOT = macosx;
				SWIFT_VERSION = 5.0;
				TEST_HOST = "$(BUILT_PRODUCTS_DIR)/CameraDashboard.app/Contents/MacOS/CameraDashboard";
			};
			name = Debug;
		};
		7A9D39C2256A104D0090AD5F /* Release */ = {
			isa = XCBuildConfiguration;
			buildSettings = {
				BUNDLE_LOADER = "$(TEST_HOST)";
				CODE_SIGN_STYLE = Automatic;
				COMBINE_HIDPI_IMAGES = YES;
				DEVELOPMENT_TEAM = 7TR2B85D62;
				INFOPLIST_FILE = CameraDashboardTests/Info.plist;
				LD_RUNPATH_SEARCH_PATHS = (
					"$(inherited)",
					"@executable_path/../Frameworks",
					"@loader_path/../Frameworks",
				);
				MACOSX_DEPLOYMENT_TARGET = 11.0;
				PRODUCT_BUNDLE_IDENTIFIER = co.davidbeck.CameraDashboardTests;
				PRODUCT_NAME = "$(TARGET_NAME)";
				SDKROOT = macosx;
				SWIFT_VERSION = 5.0;
				TEST_HOST = "$(BUILT_PRODUCTS_DIR)/CameraDashboard.app/Contents/MacOS/CameraDashboard";
			};
			name = Release;
		};
/* End XCBuildConfiguration section */

/* Begin XCConfigurationList section */
		7A7F64382560305A008B33C6 /* Build configuration list for PBXProject "CameraDashboard" */ = {
			isa = XCConfigurationList;
			buildConfigurations = (
				7A7F64692560305B008B33C6 /* Debug */,
				7A7F646A2560305B008B33C6 /* Release */,
			);
			defaultConfigurationIsVisible = 0;
			defaultConfigurationName = Release;
		};
		7A7F646B2560305B008B33C6 /* Build configuration list for PBXNativeTarget "CameraDashboard (iOS)" */ = {
			isa = XCConfigurationList;
			buildConfigurations = (
				7A7F646C2560305B008B33C6 /* Debug */,
				7A7F646D2560305B008B33C6 /* Release */,
			);
			defaultConfigurationIsVisible = 0;
			defaultConfigurationName = Release;
		};
		7A7F646E2560305B008B33C6 /* Build configuration list for PBXNativeTarget "CameraDashboard (macOS)" */ = {
			isa = XCConfigurationList;
			buildConfigurations = (
				7A7F646F2560305B008B33C6 /* Debug */,
				7A7F64702560305B008B33C6 /* Release */,
			);
			defaultConfigurationIsVisible = 0;
			defaultConfigurationName = Release;
		};
		7A7F64712560305B008B33C6 /* Build configuration list for PBXNativeTarget "Tests iOS" */ = {
			isa = XCConfigurationList;
			buildConfigurations = (
				7A7F64722560305B008B33C6 /* Debug */,
				7A7F64732560305B008B33C6 /* Release */,
			);
			defaultConfigurationIsVisible = 0;
			defaultConfigurationName = Release;
		};
		7A7F64742560305B008B33C6 /* Build configuration list for PBXNativeTarget "Tests macOS" */ = {
			isa = XCConfigurationList;
			buildConfigurations = (
				7A7F64752560305B008B33C6 /* Debug */,
				7A7F64762560305B008B33C6 /* Release */,
			);
			defaultConfigurationIsVisible = 0;
			defaultConfigurationName = Release;
		};
		7A7F659F25618088008B33C6 /* Build configuration list for PBXNativeTarget "VISCASimulator" */ = {
			isa = XCConfigurationList;
			buildConfigurations = (
				7A7F65A025618088008B33C6 /* Debug */,
				7A7F65A125618088008B33C6 /* Release */,
			);
			defaultConfigurationIsVisible = 0;
			defaultConfigurationName = Release;
		};
		7A9D39C3256A104D0090AD5F /* Build configuration list for PBXNativeTarget "CameraDashboardTests" */ = {
			isa = XCConfigurationList;
			buildConfigurations = (
				7A9D39C1256A104D0090AD5F /* Debug */,
				7A9D39C2256A104D0090AD5F /* Release */,
			);
			defaultConfigurationIsVisible = 0;
			defaultConfigurationName = Release;
		};
/* End XCConfigurationList section */

/* Begin XCRemoteSwiftPackageReference section */
		7A7F653B256033B4008B33C6 /* XCRemoteSwiftPackageReference "SFSafeSymbols" */ = {
			isa = XCRemoteSwiftPackageReference;
			repositoryURL = "https://github.com/piknotech/SFSafeSymbols.git";
			requirement = {
				kind = upToNextMajorVersion;
				minimumVersion = 2.0.2;
			};
		};
		7AAF43D52565FE3800C82EC3 /* XCRemoteSwiftPackageReference "Defaults" */ = {
			isa = XCRemoteSwiftPackageReference;
			repositoryURL = "https://github.com/sindresorhus/Defaults";
			requirement = {
				kind = upToNextMajorVersion;
				minimumVersion = 4.1.0;
			};
		};
/* End XCRemoteSwiftPackageReference section */

/* Begin XCSwiftPackageProductDependency section */
		7A7F653C256033B4008B33C6 /* SFSafeSymbols */ = {
			isa = XCSwiftPackageProductDependency;
			package = 7A7F653B256033B4008B33C6 /* XCRemoteSwiftPackageReference "SFSafeSymbols" */;
			productName = SFSafeSymbols;
		};
		7A7F6543256033C1008B33C6 /* SFSafeSymbols */ = {
			isa = XCSwiftPackageProductDependency;
			package = 7A7F653B256033B4008B33C6 /* XCRemoteSwiftPackageReference "SFSafeSymbols" */;
			productName = SFSafeSymbols;
		};
		7AAF43D62565FE3800C82EC3 /* Defaults */ = {
			isa = XCSwiftPackageProductDependency;
			package = 7AAF43D52565FE3800C82EC3 /* XCRemoteSwiftPackageReference "Defaults" */;
			productName = Defaults;
		};
/* End XCSwiftPackageProductDependency section */
	};
	rootObject = 7A7F64352560305A008B33C6 /* Project object */;
}
