// !$*UTF8*$!
{
	archiveVersion = 1;
	classes = {
	};
	objectVersion = 50;
	objects = {

/* Begin PBXBuildFile section */
		7A38D7B924DC916A007F3EFC /* Column.swift in Sources */ = {isa = PBXBuildFile; fileRef = 7A38D7B824DC916A007F3EFC /* Column.swift */; };
		7A8CFB8B24E35439002D71D0 /* CameraManager.swift in Sources */ = {isa = PBXBuildFile; fileRef = 7A8CFB8A24E35439002D71D0 /* CameraManager.swift */; };
		7A8CFB9024E35E50002D71D0 /* Formatters.swift in Sources */ = {isa = PBXBuildFile; fileRef = 7A8CFB8F24E35E50002D71D0 /* Formatters.swift */; };
		7A8CFB9324E35FA5002D71D0 /* VISCAClient.swift in Sources */ = {isa = PBXBuildFile; fileRef = 7A8CFB9224E35FA5002D71D0 /* VISCAClient.swift */; };
		7A8CFB9624E36BDE002D71D0 /* CameraSettingsView.swift in Sources */ = {isa = PBXBuildFile; fileRef = 7A8CFB9524E36BDE002D71D0 /* CameraSettingsView.swift */; };
		7A8CFB9A24E44ED7002D71D0 /* CameraConnectionView.swift in Sources */ = {isa = PBXBuildFile; fileRef = 7A8CFB9924E44ED7002D71D0 /* CameraConnectionView.swift */; };
		7A8CFB9D24E4509D002D71D0 /* ConnectionStatusIndicator.swift in Sources */ = {isa = PBXBuildFile; fileRef = 7A8CFB9C24E4509D002D71D0 /* ConnectionStatusIndicator.swift */; };
		7A8CFB9F24E45D1E002D71D0 /* PresetView.swift in Sources */ = {isa = PBXBuildFile; fileRef = 7A8CFB9E24E45D1E002D71D0 /* PresetView.swift */; };
		7A8CFBA124E4B373002D71D0 /* ConnectionPresetsRow.swift in Sources */ = {isa = PBXBuildFile; fileRef = 7A8CFBA024E4B373002D71D0 /* ConnectionPresetsRow.swift */; };
		7A8CFBA324E4B3C7002D71D0 /* PresetsView.swift in Sources */ = {isa = PBXBuildFile; fileRef = 7A8CFBA224E4B3C7002D71D0 /* PresetsView.swift */; };
		7A8CFBA524E4B3FC002D71D0 /* CameraHeadingView.swift in Sources */ = {isa = PBXBuildFile; fileRef = 7A8CFBA424E4B3FC002D71D0 /* CameraHeadingView.swift */; };
		7A8CFBA724E4B7F2002D71D0 /* IntegerFormatting.swift in Sources */ = {isa = PBXBuildFile; fileRef = 7A8CFBA624E4B7F2002D71D0 /* IntegerFormatting.swift */; };
		7A8CFBA924E5A2B3002D71D0 /* VISCAPreset.swift in Sources */ = {isa = PBXBuildFile; fileRef = 7A8CFBA824E5A2B3002D71D0 /* VISCAPreset.swift */; };
		7A8CFBAF24E5AF11002D71D0 /* ErrorAlert.swift in Sources */ = {isa = PBXBuildFile; fileRef = 7A8CFBAE24E5AF11002D71D0 /* ErrorAlert.swift */; };
		7AF77AED24D9FFC800C765F5 /* AppDelegate.swift in Sources */ = {isa = PBXBuildFile; fileRef = 7AF77AEC24D9FFC800C765F5 /* AppDelegate.swift */; };
		7AF77AEF24D9FFC800C765F5 /* ContentView.swift in Sources */ = {isa = PBXBuildFile; fileRef = 7AF77AEE24D9FFC800C765F5 /* ContentView.swift */; };
		7AF77AF124D9FFC900C765F5 /* Assets.xcassets in Resources */ = {isa = PBXBuildFile; fileRef = 7AF77AF024D9FFC900C765F5 /* Assets.xcassets */; };
		7AF77AF424D9FFC900C765F5 /* Preview Assets.xcassets in Resources */ = {isa = PBXBuildFile; fileRef = 7AF77AF324D9FFC900C765F5 /* Preview Assets.xcassets */; };
		7AF77AF724D9FFC900C765F5 /* Main.storyboard in Resources */ = {isa = PBXBuildFile; fileRef = 7AF77AF524D9FFC900C765F5 /* Main.storyboard */; };
		7AF77B0324D9FFC900C765F5 /* CameraDashboardTests.swift in Sources */ = {isa = PBXBuildFile; fileRef = 7AF77B0224D9FFC900C765F5 /* CameraDashboardTests.swift */; };
		7AF77B0E24D9FFC900C765F5 /* CameraDashboardUITests.swift in Sources */ = {isa = PBXBuildFile; fileRef = 7AF77B0D24D9FFC900C765F5 /* CameraDashboardUITests.swift */; };
		7AF77B1C24D9FFDC00C765F5 /* SwitcherButton.swift in Sources */ = {isa = PBXBuildFile; fileRef = 7AF77B1B24D9FFDC00C765F5 /* SwitcherButton.swift */; };
/* End PBXBuildFile section */

/* Begin PBXContainerItemProxy section */
		7AF77AFF24D9FFC900C765F5 /* PBXContainerItemProxy */ = {
			isa = PBXContainerItemProxy;
			containerPortal = 7AF77AE124D9FFC800C765F5 /* Project object */;
			proxyType = 1;
			remoteGlobalIDString = 7AF77AE824D9FFC800C765F5;
			remoteInfo = "Canera Switcher";
		};
		7AF77B0A24D9FFC900C765F5 /* PBXContainerItemProxy */ = {
			isa = PBXContainerItemProxy;
			containerPortal = 7AF77AE124D9FFC800C765F5 /* Project object */;
			proxyType = 1;
			remoteGlobalIDString = 7AF77AE824D9FFC800C765F5;
			remoteInfo = "Canera Switcher";
		};
/* End PBXContainerItemProxy section */

/* Begin PBXFileReference section */
		7A38D7B824DC916A007F3EFC /* Column.swift */ = {isa = PBXFileReference; lastKnownFileType = sourcecode.swift; path = Column.swift; sourceTree = "<group>"; };
		7A8CFB8A24E35439002D71D0 /* CameraManager.swift */ = {isa = PBXFileReference; lastKnownFileType = sourcecode.swift; path = CameraManager.swift; sourceTree = "<group>"; };
		7A8CFB8F24E35E50002D71D0 /* Formatters.swift */ = {isa = PBXFileReference; lastKnownFileType = sourcecode.swift; path = Formatters.swift; sourceTree = "<group>"; };
		7A8CFB9224E35FA5002D71D0 /* VISCAClient.swift */ = {isa = PBXFileReference; lastKnownFileType = sourcecode.swift; path = VISCAClient.swift; sourceTree = "<group>"; };
		7A8CFB9524E36BDE002D71D0 /* CameraSettingsView.swift */ = {isa = PBXFileReference; lastKnownFileType = sourcecode.swift; path = CameraSettingsView.swift; sourceTree = "<group>"; };
		7A8CFB9924E44ED7002D71D0 /* CameraConnectionView.swift */ = {isa = PBXFileReference; lastKnownFileType = sourcecode.swift; path = CameraConnectionView.swift; sourceTree = "<group>"; };
		7A8CFB9C24E4509D002D71D0 /* ConnectionStatusIndicator.swift */ = {isa = PBXFileReference; lastKnownFileType = sourcecode.swift; path = ConnectionStatusIndicator.swift; sourceTree = "<group>"; };
		7A8CFB9E24E45D1E002D71D0 /* PresetView.swift */ = {isa = PBXFileReference; lastKnownFileType = sourcecode.swift; path = PresetView.swift; sourceTree = "<group>"; };
		7A8CFBA024E4B373002D71D0 /* ConnectionPresetsRow.swift */ = {isa = PBXFileReference; lastKnownFileType = sourcecode.swift; path = ConnectionPresetsRow.swift; sourceTree = "<group>"; };
		7A8CFBA224E4B3C7002D71D0 /* PresetsView.swift */ = {isa = PBXFileReference; lastKnownFileType = sourcecode.swift; path = PresetsView.swift; sourceTree = "<group>"; };
		7A8CFBA424E4B3FC002D71D0 /* CameraHeadingView.swift */ = {isa = PBXFileReference; lastKnownFileType = sourcecode.swift; path = CameraHeadingView.swift; sourceTree = "<group>"; };
		7A8CFBA624E4B7F2002D71D0 /* IntegerFormatting.swift */ = {isa = PBXFileReference; lastKnownFileType = sourcecode.swift; path = IntegerFormatting.swift; sourceTree = "<group>"; };
		7A8CFBA824E5A2B3002D71D0 /* VISCAPreset.swift */ = {isa = PBXFileReference; lastKnownFileType = sourcecode.swift; path = VISCAPreset.swift; sourceTree = "<group>"; };
		7A8CFBAE24E5AF11002D71D0 /* ErrorAlert.swift */ = {isa = PBXFileReference; lastKnownFileType = sourcecode.swift; path = ErrorAlert.swift; sourceTree = "<group>"; };
		7AF77AE924D9FFC800C765F5 /* CameraDashboard.app */ = {isa = PBXFileReference; explicitFileType = wrapper.application; includeInIndex = 0; path = CameraDashboard.app; sourceTree = BUILT_PRODUCTS_DIR; };
		7AF77AEC24D9FFC800C765F5 /* AppDelegate.swift */ = {isa = PBXFileReference; lastKnownFileType = sourcecode.swift; path = AppDelegate.swift; sourceTree = "<group>"; };
		7AF77AEE24D9FFC800C765F5 /* ContentView.swift */ = {isa = PBXFileReference; lastKnownFileType = sourcecode.swift; path = ContentView.swift; sourceTree = "<group>"; };
		7AF77AF024D9FFC900C765F5 /* Assets.xcassets */ = {isa = PBXFileReference; lastKnownFileType = folder.assetcatalog; path = Assets.xcassets; sourceTree = "<group>"; };
		7AF77AF324D9FFC900C765F5 /* Preview Assets.xcassets */ = {isa = PBXFileReference; lastKnownFileType = folder.assetcatalog; path = "Preview Assets.xcassets"; sourceTree = "<group>"; };
		7AF77AF624D9FFC900C765F5 /* Base */ = {isa = PBXFileReference; lastKnownFileType = file.storyboard; name = Base; path = Base.lproj/Main.storyboard; sourceTree = "<group>"; };
		7AF77AF824D9FFC900C765F5 /* Info.plist */ = {isa = PBXFileReference; lastKnownFileType = text.plist.xml; path = Info.plist; sourceTree = "<group>"; };
		7AF77AF924D9FFC900C765F5 /* Canera_Switcher.entitlements */ = {isa = PBXFileReference; lastKnownFileType = text.plist.entitlements; path = Canera_Switcher.entitlements; sourceTree = "<group>"; };
		7AF77AFE24D9FFC900C765F5 /* CameraDashboardTests.xctest */ = {isa = PBXFileReference; explicitFileType = wrapper.cfbundle; includeInIndex = 0; path = CameraDashboardTests.xctest; sourceTree = BUILT_PRODUCTS_DIR; };
		7AF77B0224D9FFC900C765F5 /* CameraDashboardTests.swift */ = {isa = PBXFileReference; lastKnownFileType = sourcecode.swift; path = CameraDashboardTests.swift; sourceTree = "<group>"; };
		7AF77B0424D9FFC900C765F5 /* Info.plist */ = {isa = PBXFileReference; lastKnownFileType = text.plist.xml; path = Info.plist; sourceTree = "<group>"; };
		7AF77B0924D9FFC900C765F5 /* CameraDashboardUITests.xctest */ = {isa = PBXFileReference; explicitFileType = wrapper.cfbundle; includeInIndex = 0; path = CameraDashboardUITests.xctest; sourceTree = BUILT_PRODUCTS_DIR; };
		7AF77B0D24D9FFC900C765F5 /* CameraDashboardUITests.swift */ = {isa = PBXFileReference; lastKnownFileType = sourcecode.swift; path = CameraDashboardUITests.swift; sourceTree = "<group>"; };
		7AF77B0F24D9FFC900C765F5 /* Info.plist */ = {isa = PBXFileReference; lastKnownFileType = text.plist.xml; path = Info.plist; sourceTree = "<group>"; };
		7AF77B1B24D9FFDC00C765F5 /* SwitcherButton.swift */ = {isa = PBXFileReference; lastKnownFileType = sourcecode.swift; path = SwitcherButton.swift; sourceTree = "<group>"; };
/* End PBXFileReference section */

/* Begin PBXFrameworksBuildPhase section */
		7AF77AE624D9FFC800C765F5 /* Frameworks */ = {
			isa = PBXFrameworksBuildPhase;
			buildActionMask = 2147483647;
			files = (
			);
			runOnlyForDeploymentPostprocessing = 0;
		};
		7AF77AFB24D9FFC900C765F5 /* Frameworks */ = {
			isa = PBXFrameworksBuildPhase;
			buildActionMask = 2147483647;
			files = (
			);
			runOnlyForDeploymentPostprocessing = 0;
		};
		7AF77B0624D9FFC900C765F5 /* Frameworks */ = {
			isa = PBXFrameworksBuildPhase;
			buildActionMask = 2147483647;
			files = (
			);
			runOnlyForDeploymentPostprocessing = 0;
		};
/* End PBXFrameworksBuildPhase section */

/* Begin PBXGroup section */
		7A38D7B724DC9150007F3EFC /* Shared */ = {
			isa = PBXGroup;
			children = (
				7A38D7B824DC916A007F3EFC /* Column.swift */,
				7A8CFBAE24E5AF11002D71D0 /* ErrorAlert.swift */,
			);
			path = Shared;
			sourceTree = "<group>";
		};
		7A8CFB8E24E35E3C002D71D0 /* Helpers */ = {
			isa = PBXGroup;
			children = (
				7A8CFB8F24E35E50002D71D0 /* Formatters.swift */,
				7A8CFBA624E4B7F2002D71D0 /* IntegerFormatting.swift */,
			);
			path = Helpers;
			sourceTree = "<group>";
		};
		7A8CFB9124E35F99002D71D0 /* VISCA */ = {
			isa = PBXGroup;
			children = (
				7A8CFB9224E35FA5002D71D0 /* VISCAClient.swift */,
				7A8CFBA824E5A2B3002D71D0 /* VISCAPreset.swift */,
			);
			path = VISCA;
			sourceTree = "<group>";
		};
		7A8CFB9424E36BC6002D71D0 /* EditCameras */ = {
			isa = PBXGroup;
			children = (
				7A8CFB9524E36BDE002D71D0 /* CameraSettingsView.swift */,
			);
			path = EditCameras;
			sourceTree = "<group>";
		};
		7A8CFB9B24E45082002D71D0 /* Connections */ = {
			isa = PBXGroup;
			children = (
				7A8CFBAA24E5AA5F002D71D0 /* Camera */,
				7A8CFBAB24E5AA65002D71D0 /* Presets */,
			);
			path = Connections;
			sourceTree = "<group>";
		};
		7A8CFBAA24E5AA5F002D71D0 /* Camera */ = {
			isa = PBXGroup;
			children = (
				7A8CFBA424E4B3FC002D71D0 /* CameraHeadingView.swift */,
				7A8CFB9924E44ED7002D71D0 /* CameraConnectionView.swift */,
				7A8CFB9C24E4509D002D71D0 /* ConnectionStatusIndicator.swift */,
			);
			path = Camera;
			sourceTree = "<group>";
		};
		7A8CFBAB24E5AA65002D71D0 /* Presets */ = {
			isa = PBXGroup;
			children = (
				7A8CFBA224E4B3C7002D71D0 /* PresetsView.swift */,
				7A8CFBA024E4B373002D71D0 /* ConnectionPresetsRow.swift */,
				7A8CFB9E24E45D1E002D71D0 /* PresetView.swift */,
			);
			path = Presets;
			sourceTree = "<group>";
		};
		7AF77AE024D9FFC800C765F5 = {
			isa = PBXGroup;
			children = (
				7AF77AEB24D9FFC800C765F5 /* CameraDashboard */,
				7AF77B0124D9FFC900C765F5 /* CameraDashboardTests */,
				7AF77B0C24D9FFC900C765F5 /* CameraDashboardUITests */,
				7AF77AEA24D9FFC800C765F5 /* Products */,
			);
			sourceTree = "<group>";
		};
		7AF77AEA24D9FFC800C765F5 /* Products */ = {
			isa = PBXGroup;
			children = (
				7AF77AE924D9FFC800C765F5 /* CameraDashboard.app */,
				7AF77AFE24D9FFC900C765F5 /* CameraDashboardTests.xctest */,
				7AF77B0924D9FFC900C765F5 /* CameraDashboardUITests.xctest */,
			);
			name = Products;
			sourceTree = "<group>";
		};
		7AF77AEB24D9FFC800C765F5 /* CameraDashboard */ = {
			isa = PBXGroup;
			children = (
				7AF77AEC24D9FFC800C765F5 /* AppDelegate.swift */,
				7A8CFB8A24E35439002D71D0 /* CameraManager.swift */,
				7AF77AEE24D9FFC800C765F5 /* ContentView.swift */,
				7A8CFB9B24E45082002D71D0 /* Connections */,
				7A8CFB9424E36BC6002D71D0 /* EditCameras */,
				7AF77B1B24D9FFDC00C765F5 /* SwitcherButton.swift */,
				7A8CFB9124E35F99002D71D0 /* VISCA */,
				7A8CFB8E24E35E3C002D71D0 /* Helpers */,
				7A38D7B724DC9150007F3EFC /* Shared */,
				7AF77AF024D9FFC900C765F5 /* Assets.xcassets */,
				7AF77AF524D9FFC900C765F5 /* Main.storyboard */,
				7AF77AF824D9FFC900C765F5 /* Info.plist */,
				7AF77AF924D9FFC900C765F5 /* Canera_Switcher.entitlements */,
				7AF77AF224D9FFC900C765F5 /* Preview Content */,
			);
			path = CameraDashboard;
			sourceTree = "<group>";
		};
		7AF77AF224D9FFC900C765F5 /* Preview Content */ = {
			isa = PBXGroup;
			children = (
				7AF77AF324D9FFC900C765F5 /* Preview Assets.xcassets */,
			);
			path = "Preview Content";
			sourceTree = "<group>";
		};
		7AF77B0124D9FFC900C765F5 /* CameraDashboardTests */ = {
			isa = PBXGroup;
			children = (
				7AF77B0224D9FFC900C765F5 /* CameraDashboardTests.swift */,
				7AF77B0424D9FFC900C765F5 /* Info.plist */,
			);
			path = CameraDashboardTests;
			sourceTree = "<group>";
		};
		7AF77B0C24D9FFC900C765F5 /* CameraDashboardUITests */ = {
			isa = PBXGroup;
			children = (
				7AF77B0D24D9FFC900C765F5 /* CameraDashboardUITests.swift */,
				7AF77B0F24D9FFC900C765F5 /* Info.plist */,
			);
			path = CameraDashboardUITests;
			sourceTree = "<group>";
		};
/* End PBXGroup section */

/* Begin PBXNativeTarget section */
		7AF77AE824D9FFC800C765F5 /* CameraDashboard */ = {
			isa = PBXNativeTarget;
			buildConfigurationList = 7AF77B1224D9FFC900C765F5 /* Build configuration list for PBXNativeTarget "CameraDashboard" */;
			buildPhases = (
				7AF77AE524D9FFC800C765F5 /* Sources */,
				7AF77AE624D9FFC800C765F5 /* Frameworks */,
				7AF77AE724D9FFC800C765F5 /* Resources */,
			);
			buildRules = (
			);
			dependencies = (
			);
			name = CameraDashboard;
			productName = "Canera Switcher";
			productReference = 7AF77AE924D9FFC800C765F5 /* CameraDashboard.app */;
			productType = "com.apple.product-type.application";
		};
		7AF77AFD24D9FFC900C765F5 /* CameraDashboardTests */ = {
			isa = PBXNativeTarget;
			buildConfigurationList = 7AF77B1524D9FFC900C765F5 /* Build configuration list for PBXNativeTarget "CameraDashboardTests" */;
			buildPhases = (
				7AF77AFA24D9FFC900C765F5 /* Sources */,
				7AF77AFB24D9FFC900C765F5 /* Frameworks */,
				7AF77AFC24D9FFC900C765F5 /* Resources */,
			);
			buildRules = (
			);
			dependencies = (
				7AF77B0024D9FFC900C765F5 /* PBXTargetDependency */,
			);
			name = CameraDashboardTests;
			productName = "Canera SwitcherTests";
			productReference = 7AF77AFE24D9FFC900C765F5 /* CameraDashboardTests.xctest */;
			productType = "com.apple.product-type.bundle.unit-test";
		};
		7AF77B0824D9FFC900C765F5 /* CameraDashboardUITests */ = {
			isa = PBXNativeTarget;
			buildConfigurationList = 7AF77B1824D9FFC900C765F5 /* Build configuration list for PBXNativeTarget "CameraDashboardUITests" */;
			buildPhases = (
				7AF77B0524D9FFC900C765F5 /* Sources */,
				7AF77B0624D9FFC900C765F5 /* Frameworks */,
				7AF77B0724D9FFC900C765F5 /* Resources */,
			);
			buildRules = (
			);
			dependencies = (
				7AF77B0B24D9FFC900C765F5 /* PBXTargetDependency */,
			);
			name = CameraDashboardUITests;
			productName = "Canera SwitcherUITests";
			productReference = 7AF77B0924D9FFC900C765F5 /* CameraDashboardUITests.xctest */;
			productType = "com.apple.product-type.bundle.ui-testing";
		};
/* End PBXNativeTarget section */

/* Begin PBXProject section */
		7AF77AE124D9FFC800C765F5 /* Project object */ = {
			isa = PBXProject;
			attributes = {
				LastSwiftUpdateCheck = 1160;
				LastUpgradeCheck = 1160;
				ORGANIZATIONNAME = "David Beck";
				TargetAttributes = {
					7AF77AE824D9FFC800C765F5 = {
						CreatedOnToolsVersion = 11.6;
					};
					7AF77AFD24D9FFC900C765F5 = {
						CreatedOnToolsVersion = 11.6;
						TestTargetID = 7AF77AE824D9FFC800C765F5;
					};
					7AF77B0824D9FFC900C765F5 = {
						CreatedOnToolsVersion = 11.6;
						TestTargetID = 7AF77AE824D9FFC800C765F5;
					};
				};
			};
			buildConfigurationList = 7AF77AE424D9FFC800C765F5 /* Build configuration list for PBXProject "CameraDashboard" */;
			compatibilityVersion = "Xcode 9.3";
			developmentRegion = en;
			hasScannedForEncodings = 0;
			knownRegions = (
				en,
				Base,
			);
			mainGroup = 7AF77AE024D9FFC800C765F5;
			productRefGroup = 7AF77AEA24D9FFC800C765F5 /* Products */;
			projectDirPath = "";
			projectRoot = "";
			targets = (
				7AF77AE824D9FFC800C765F5 /* CameraDashboard */,
				7AF77AFD24D9FFC900C765F5 /* CameraDashboardTests */,
				7AF77B0824D9FFC900C765F5 /* CameraDashboardUITests */,
			);
		};
/* End PBXProject section */

/* Begin PBXResourcesBuildPhase section */
		7AF77AE724D9FFC800C765F5 /* Resources */ = {
			isa = PBXResourcesBuildPhase;
			buildActionMask = 2147483647;
			files = (
				7AF77AF724D9FFC900C765F5 /* Main.storyboard in Resources */,
				7AF77AF424D9FFC900C765F5 /* Preview Assets.xcassets in Resources */,
				7AF77AF124D9FFC900C765F5 /* Assets.xcassets in Resources */,
			);
			runOnlyForDeploymentPostprocessing = 0;
		};
		7AF77AFC24D9FFC900C765F5 /* Resources */ = {
			isa = PBXResourcesBuildPhase;
			buildActionMask = 2147483647;
			files = (
			);
			runOnlyForDeploymentPostprocessing = 0;
		};
		7AF77B0724D9FFC900C765F5 /* Resources */ = {
			isa = PBXResourcesBuildPhase;
			buildActionMask = 2147483647;
			files = (
			);
			runOnlyForDeploymentPostprocessing = 0;
		};
/* End PBXResourcesBuildPhase section */

/* Begin PBXSourcesBuildPhase section */
		7AF77AE524D9FFC800C765F5 /* Sources */ = {
			isa = PBXSourcesBuildPhase;
			buildActionMask = 2147483647;
			files = (
				7A8CFBA524E4B3FC002D71D0 /* CameraHeadingView.swift in Sources */,
				7AF77B1C24D9FFDC00C765F5 /* SwitcherButton.swift in Sources */,
				7A8CFB9F24E45D1E002D71D0 /* PresetView.swift in Sources */,
				7A38D7B924DC916A007F3EFC /* Column.swift in Sources */,
				7A8CFBAF24E5AF11002D71D0 /* ErrorAlert.swift in Sources */,
				7A8CFBA324E4B3C7002D71D0 /* PresetsView.swift in Sources */,
				7A8CFB9024E35E50002D71D0 /* Formatters.swift in Sources */,
				7AF77AEF24D9FFC800C765F5 /* ContentView.swift in Sources */,
				7A8CFBA924E5A2B3002D71D0 /* VISCAPreset.swift in Sources */,
				7A8CFB9624E36BDE002D71D0 /* CameraSettingsView.swift in Sources */,
				7A8CFB8B24E35439002D71D0 /* CameraManager.swift in Sources */,
				7A8CFBA124E4B373002D71D0 /* ConnectionPresetsRow.swift in Sources */,
				7A8CFBA724E4B7F2002D71D0 /* IntegerFormatting.swift in Sources */,
				7A8CFB9D24E4509D002D71D0 /* ConnectionStatusIndicator.swift in Sources */,
				7AF77AED24D9FFC800C765F5 /* AppDelegate.swift in Sources */,
				7A8CFB9324E35FA5002D71D0 /* VISCAClient.swift in Sources */,
				7A8CFB9A24E44ED7002D71D0 /* CameraConnectionView.swift in Sources */,
			);
			runOnlyForDeploymentPostprocessing = 0;
		};
		7AF77AFA24D9FFC900C765F5 /* Sources */ = {
			isa = PBXSourcesBuildPhase;
			buildActionMask = 2147483647;
			files = (
				7AF77B0324D9FFC900C765F5 /* CameraDashboardTests.swift in Sources */,
			);
			runOnlyForDeploymentPostprocessing = 0;
		};
		7AF77B0524D9FFC900C765F5 /* Sources */ = {
			isa = PBXSourcesBuildPhase;
			buildActionMask = 2147483647;
			files = (
				7AF77B0E24D9FFC900C765F5 /* CameraDashboardUITests.swift in Sources */,
			);
			runOnlyForDeploymentPostprocessing = 0;
		};
/* End PBXSourcesBuildPhase section */

/* Begin PBXTargetDependency section */
		7AF77B0024D9FFC900C765F5 /* PBXTargetDependency */ = {
			isa = PBXTargetDependency;
			target = 7AF77AE824D9FFC800C765F5 /* CameraDashboard */;
			targetProxy = 7AF77AFF24D9FFC900C765F5 /* PBXContainerItemProxy */;
		};
		7AF77B0B24D9FFC900C765F5 /* PBXTargetDependency */ = {
			isa = PBXTargetDependency;
			target = 7AF77AE824D9FFC800C765F5 /* CameraDashboard */;
			targetProxy = 7AF77B0A24D9FFC900C765F5 /* PBXContainerItemProxy */;
		};
/* End PBXTargetDependency section */

/* Begin PBXVariantGroup section */
		7AF77AF524D9FFC900C765F5 /* Main.storyboard */ = {
			isa = PBXVariantGroup;
			children = (
				7AF77AF624D9FFC900C765F5 /* Base */,
			);
			name = Main.storyboard;
			sourceTree = "<group>";
		};
/* End PBXVariantGroup section */

/* Begin XCBuildConfiguration section */
		7AF77B1024D9FFC900C765F5 /* Debug */ = {
			isa = XCBuildConfiguration;
			buildSettings = {
				ALWAYS_SEARCH_USER_PATHS = NO;
				CLANG_ANALYZER_NONNULL = YES;
				CLANG_ANALYZER_NUMBER_OBJECT_CONVERSION = YES_AGGRESSIVE;
				CLANG_CXX_LANGUAGE_STANDARD = "gnu++14";
				CLANG_CXX_LIBRARY = "libc++";
				CLANG_ENABLE_MODULES = YES;
				CLANG_ENABLE_OBJC_ARC = YES;
				CLANG_ENABLE_OBJC_WEAK = YES;
				CLANG_WARN_BLOCK_CAPTURE_AUTORELEASING = YES;
				CLANG_WARN_BOOL_CONVERSION = YES;
				CLANG_WARN_COMMA = YES;
				CLANG_WARN_CONSTANT_CONVERSION = YES;
				CLANG_WARN_DEPRECATED_OBJC_IMPLEMENTATIONS = YES;
				CLANG_WARN_DIRECT_OBJC_ISA_USAGE = YES_ERROR;
				CLANG_WARN_DOCUMENTATION_COMMENTS = YES;
				CLANG_WARN_EMPTY_BODY = YES;
				CLANG_WARN_ENUM_CONVERSION = YES;
				CLANG_WARN_INFINITE_RECURSION = YES;
				CLANG_WARN_INT_CONVERSION = YES;
				CLANG_WARN_NON_LITERAL_NULL_CONVERSION = YES;
				CLANG_WARN_OBJC_IMPLICIT_RETAIN_SELF = YES;
				CLANG_WARN_OBJC_LITERAL_CONVERSION = YES;
				CLANG_WARN_OBJC_ROOT_CLASS = YES_ERROR;
				CLANG_WARN_RANGE_LOOP_ANALYSIS = YES;
				CLANG_WARN_STRICT_PROTOTYPES = YES;
				CLANG_WARN_SUSPICIOUS_MOVE = YES;
				CLANG_WARN_UNGUARDED_AVAILABILITY = YES_AGGRESSIVE;
				CLANG_WARN_UNREACHABLE_CODE = YES;
				CLANG_WARN__DUPLICATE_METHOD_MATCH = YES;
				COPY_PHASE_STRIP = NO;
				DEBUG_INFORMATION_FORMAT = dwarf;
				ENABLE_STRICT_OBJC_MSGSEND = YES;
				ENABLE_TESTABILITY = YES;
				GCC_C_LANGUAGE_STANDARD = gnu11;
				GCC_DYNAMIC_NO_PIC = NO;
				GCC_NO_COMMON_BLOCKS = YES;
				GCC_OPTIMIZATION_LEVEL = 0;
				GCC_PREPROCESSOR_DEFINITIONS = (
					"DEBUG=1",
					"$(inherited)",
				);
				GCC_WARN_64_TO_32_BIT_CONVERSION = YES;
				GCC_WARN_ABOUT_RETURN_TYPE = YES_ERROR;
				GCC_WARN_UNDECLARED_SELECTOR = YES;
				GCC_WARN_UNINITIALIZED_AUTOS = YES_AGGRESSIVE;
				GCC_WARN_UNUSED_FUNCTION = YES;
				GCC_WARN_UNUSED_VARIABLE = YES;
				MACOSX_DEPLOYMENT_TARGET = 10.15;
				MTL_ENABLE_DEBUG_INFO = INCLUDE_SOURCE;
				MTL_FAST_MATH = YES;
				ONLY_ACTIVE_ARCH = YES;
				SDKROOT = macosx;
				SWIFT_ACTIVE_COMPILATION_CONDITIONS = DEBUG;
				SWIFT_OPTIMIZATION_LEVEL = "-Onone";
			};
			name = Debug;
		};
		7AF77B1124D9FFC900C765F5 /* Release */ = {
			isa = XCBuildConfiguration;
			buildSettings = {
				ALWAYS_SEARCH_USER_PATHS = NO;
				CLANG_ANALYZER_NONNULL = YES;
				CLANG_ANALYZER_NUMBER_OBJECT_CONVERSION = YES_AGGRESSIVE;
				CLANG_CXX_LANGUAGE_STANDARD = "gnu++14";
				CLANG_CXX_LIBRARY = "libc++";
				CLANG_ENABLE_MODULES = YES;
				CLANG_ENABLE_OBJC_ARC = YES;
				CLANG_ENABLE_OBJC_WEAK = YES;
				CLANG_WARN_BLOCK_CAPTURE_AUTORELEASING = YES;
				CLANG_WARN_BOOL_CONVERSION = YES;
				CLANG_WARN_COMMA = YES;
				CLANG_WARN_CONSTANT_CONVERSION = YES;
				CLANG_WARN_DEPRECATED_OBJC_IMPLEMENTATIONS = YES;
				CLANG_WARN_DIRECT_OBJC_ISA_USAGE = YES_ERROR;
				CLANG_WARN_DOCUMENTATION_COMMENTS = YES;
				CLANG_WARN_EMPTY_BODY = YES;
				CLANG_WARN_ENUM_CONVERSION = YES;
				CLANG_WARN_INFINITE_RECURSION = YES;
				CLANG_WARN_INT_CONVERSION = YES;
				CLANG_WARN_NON_LITERAL_NULL_CONVERSION = YES;
				CLANG_WARN_OBJC_IMPLICIT_RETAIN_SELF = YES;
				CLANG_WARN_OBJC_LITERAL_CONVERSION = YES;
				CLANG_WARN_OBJC_ROOT_CLASS = YES_ERROR;
				CLANG_WARN_RANGE_LOOP_ANALYSIS = YES;
				CLANG_WARN_STRICT_PROTOTYPES = YES;
				CLANG_WARN_SUSPICIOUS_MOVE = YES;
				CLANG_WARN_UNGUARDED_AVAILABILITY = YES_AGGRESSIVE;
				CLANG_WARN_UNREACHABLE_CODE = YES;
				CLANG_WARN__DUPLICATE_METHOD_MATCH = YES;
				COPY_PHASE_STRIP = NO;
				DEBUG_INFORMATION_FORMAT = "dwarf-with-dsym";
				ENABLE_NS_ASSERTIONS = NO;
				ENABLE_STRICT_OBJC_MSGSEND = YES;
				GCC_C_LANGUAGE_STANDARD = gnu11;
				GCC_NO_COMMON_BLOCKS = YES;
				GCC_WARN_64_TO_32_BIT_CONVERSION = YES;
				GCC_WARN_ABOUT_RETURN_TYPE = YES_ERROR;
				GCC_WARN_UNDECLARED_SELECTOR = YES;
				GCC_WARN_UNINITIALIZED_AUTOS = YES_AGGRESSIVE;
				GCC_WARN_UNUSED_FUNCTION = YES;
				GCC_WARN_UNUSED_VARIABLE = YES;
				MACOSX_DEPLOYMENT_TARGET = 10.15;
				MTL_ENABLE_DEBUG_INFO = NO;
				MTL_FAST_MATH = YES;
				SDKROOT = macosx;
				SWIFT_COMPILATION_MODE = wholemodule;
				SWIFT_OPTIMIZATION_LEVEL = "-O";
			};
			name = Release;
		};
		7AF77B1324D9FFC900C765F5 /* Debug */ = {
			isa = XCBuildConfiguration;
			buildSettings = {
				ASSETCATALOG_COMPILER_APPICON_NAME = AppIcon;
				CODE_SIGN_ENTITLEMENTS = CameraDashboard/Canera_Switcher.entitlements;
				CODE_SIGN_STYLE = Automatic;
				COMBINE_HIDPI_IMAGES = YES;
				DEVELOPMENT_ASSET_PATHS = "\"CameraDashboard/Preview Content\"";
				DEVELOPMENT_TEAM = VKHGABD3Q5;
				ENABLE_HARDENED_RUNTIME = YES;
				ENABLE_PREVIEWS = YES;
				INFOPLIST_FILE = CameraDashboard/Info.plist;
				LD_RUNPATH_SEARCH_PATHS = (
					"$(inherited)",
					"@executable_path/../Frameworks",
				);
				MACOSX_DEPLOYMENT_TARGET = 10.15;
				PRODUCT_BUNDLE_IDENTIFIER = co.davidbeck.CameraDashboard;
				PRODUCT_NAME = "$(TARGET_NAME)";
				SWIFT_VERSION = 5.0;
			};
			name = Debug;
		};
		7AF77B1424D9FFC900C765F5 /* Release */ = {
			isa = XCBuildConfiguration;
			buildSettings = {
				ASSETCATALOG_COMPILER_APPICON_NAME = AppIcon;
				CODE_SIGN_ENTITLEMENTS = CameraDashboard/Canera_Switcher.entitlements;
				CODE_SIGN_STYLE = Automatic;
				COMBINE_HIDPI_IMAGES = YES;
				DEVELOPMENT_ASSET_PATHS = "\"CameraDashboard/Preview Content\"";
				DEVELOPMENT_TEAM = VKHGABD3Q5;
				ENABLE_HARDENED_RUNTIME = YES;
				ENABLE_PREVIEWS = YES;
				INFOPLIST_FILE = CameraDashboard/Info.plist;
				LD_RUNPATH_SEARCH_PATHS = (
					"$(inherited)",
					"@executable_path/../Frameworks",
				);
				MACOSX_DEPLOYMENT_TARGET = 10.15;
				PRODUCT_BUNDLE_IDENTIFIER = co.davidbeck.CameraDashboard;
				PRODUCT_NAME = "$(TARGET_NAME)";
				SWIFT_VERSION = 5.0;
			};
			name = Release;
		};
		7AF77B1624D9FFC900C765F5 /* Debug */ = {
			isa = XCBuildConfiguration;
			buildSettings = {
				ALWAYS_EMBED_SWIFT_STANDARD_LIBRARIES = YES;
				BUNDLE_LOADER = "$(TEST_HOST)";
				CODE_SIGN_STYLE = Automatic;
				COMBINE_HIDPI_IMAGES = YES;
				DEVELOPMENT_TEAM = VKHGABD3Q5;
				INFOPLIST_FILE = "Canera SwitcherTests/Info.plist";
				LD_RUNPATH_SEARCH_PATHS = (
					"$(inherited)",
					"@executable_path/../Frameworks",
					"@loader_path/../Frameworks",
				);
				MACOSX_DEPLOYMENT_TARGET = 10.15;
				PRODUCT_BUNDLE_IDENTIFIER = "co.davidbeck.Canera-SwitcherTests";
				PRODUCT_NAME = "$(TARGET_NAME)";
				SWIFT_VERSION = 5.0;
				TEST_HOST = "$(BUILT_PRODUCTS_DIR)/CameraDashboard.app/Contents/MacOS/CameraDashboard";
			};
			name = Debug;
		};
		7AF77B1724D9FFC900C765F5 /* Release */ = {
			isa = XCBuildConfiguration;
			buildSettings = {
				ALWAYS_EMBED_SWIFT_STANDARD_LIBRARIES = YES;
				BUNDLE_LOADER = "$(TEST_HOST)";
				CODE_SIGN_STYLE = Automatic;
				COMBINE_HIDPI_IMAGES = YES;
				DEVELOPMENT_TEAM = VKHGABD3Q5;
				INFOPLIST_FILE = "Canera SwitcherTests/Info.plist";
				LD_RUNPATH_SEARCH_PATHS = (
					"$(inherited)",
					"@executable_path/../Frameworks",
					"@loader_path/../Frameworks",
				);
				MACOSX_DEPLOYMENT_TARGET = 10.15;
				PRODUCT_BUNDLE_IDENTIFIER = "co.davidbeck.Canera-SwitcherTests";
				PRODUCT_NAME = "$(TARGET_NAME)";
				SWIFT_VERSION = 5.0;
				TEST_HOST = "$(BUILT_PRODUCTS_DIR)/CameraDashboard.app/Contents/MacOS/CameraDashboard";
			};
			name = Release;
		};
		7AF77B1924D9FFC900C765F5 /* Debug */ = {
			isa = XCBuildConfiguration;
			buildSettings = {
				ALWAYS_EMBED_SWIFT_STANDARD_LIBRARIES = YES;
				CODE_SIGN_STYLE = Automatic;
				COMBINE_HIDPI_IMAGES = YES;
				DEVELOPMENT_TEAM = VKHGABD3Q5;
				INFOPLIST_FILE = "Canera SwitcherUITests/Info.plist";
				LD_RUNPATH_SEARCH_PATHS = (
					"$(inherited)",
					"@executable_path/../Frameworks",
					"@loader_path/../Frameworks",
				);
				PRODUCT_BUNDLE_IDENTIFIER = "co.davidbeck.Canera-SwitcherUITests";
				PRODUCT_NAME = "$(TARGET_NAME)";
				SWIFT_VERSION = 5.0;
				TEST_TARGET_NAME = "Canera Switcher";
			};
			name = Debug;
		};
		7AF77B1A24D9FFC900C765F5 /* Release */ = {
			isa = XCBuildConfiguration;
			buildSettings = {
				ALWAYS_EMBED_SWIFT_STANDARD_LIBRARIES = YES;
				CODE_SIGN_STYLE = Automatic;
				COMBINE_HIDPI_IMAGES = YES;
				DEVELOPMENT_TEAM = VKHGABD3Q5;
				INFOPLIST_FILE = "Canera SwitcherUITests/Info.plist";
				LD_RUNPATH_SEARCH_PATHS = (
					"$(inherited)",
					"@executable_path/../Frameworks",
					"@loader_path/../Frameworks",
				);
				PRODUCT_BUNDLE_IDENTIFIER = "co.davidbeck.Canera-SwitcherUITests";
				PRODUCT_NAME = "$(TARGET_NAME)";
				SWIFT_VERSION = 5.0;
				TEST_TARGET_NAME = "Canera Switcher";
			};
			name = Release;
		};
/* End XCBuildConfiguration section */

/* Begin XCConfigurationList section */
		7AF77AE424D9FFC800C765F5 /* Build configuration list for PBXProject "CameraDashboard" */ = {
			isa = XCConfigurationList;
			buildConfigurations = (
				7AF77B1024D9FFC900C765F5 /* Debug */,
				7AF77B1124D9FFC900C765F5 /* Release */,
			);
			defaultConfigurationIsVisible = 0;
			defaultConfigurationName = Release;
		};
		7AF77B1224D9FFC900C765F5 /* Build configuration list for PBXNativeTarget "CameraDashboard" */ = {
			isa = XCConfigurationList;
			buildConfigurations = (
				7AF77B1324D9FFC900C765F5 /* Debug */,
				7AF77B1424D9FFC900C765F5 /* Release */,
			);
			defaultConfigurationIsVisible = 0;
			defaultConfigurationName = Release;
		};
		7AF77B1524D9FFC900C765F5 /* Build configuration list for PBXNativeTarget "CameraDashboardTests" */ = {
			isa = XCConfigurationList;
			buildConfigurations = (
				7AF77B1624D9FFC900C765F5 /* Debug */,
				7AF77B1724D9FFC900C765F5 /* Release */,
			);
			defaultConfigurationIsVisible = 0;
			defaultConfigurationName = Release;
		};
		7AF77B1824D9FFC900C765F5 /* Build configuration list for PBXNativeTarget "CameraDashboardUITests" */ = {
			isa = XCConfigurationList;
			buildConfigurations = (
				7AF77B1924D9FFC900C765F5 /* Debug */,
				7AF77B1A24D9FFC900C765F5 /* Release */,
			);
			defaultConfigurationIsVisible = 0;
			defaultConfigurationName = Release;
		};
/* End XCConfigurationList section */
	};
	rootObject = 7AF77AE124D9FFC800C765F5 /* Project object */;
}
